// !$*UTF8*$!
{
	archiveVersion = 1;
	classes = {
	};
	objectVersion = 56;
	objects = {

/* Begin PBXBuildFile section */
		3975184DC26DCD2D852A7C08 /* Pods_LibrePass.framework in Frameworks */ = {isa = PBXBuildFile; fileRef = A927B022513678BA42B54FCF /* Pods_LibrePass.framework */; };
		B253F1D72B83942B00D048F9 /* LibrePassCipherView.swift in Sources */ = {isa = PBXBuildFile; fileRef = B253F1CC2B83942B00D048F9 /* LibrePassCipherView.swift */; };
		B253F1D82B83942B00D048F9 /* LibrePassLocalLogin.swift in Sources */ = {isa = PBXBuildFile; fileRef = B253F1CD2B83942B00D048F9 /* LibrePassLocalLogin.swift */; };
		B253F1D92B83942B00D048F9 /* LibrePassLoginWindow.swift in Sources */ = {isa = PBXBuildFile; fileRef = B253F1CE2B83942B00D048F9 /* LibrePassLoginWindow.swift */; };
		B253F1DA2B83942B00D048F9 /* LibrePassManagerWindow.swift in Sources */ = {isa = PBXBuildFile; fileRef = B253F1CF2B83942B00D048F9 /* LibrePassManagerWindow.swift */; };
		B253F1DB2B83942B00D048F9 /* CredentialsDatabase.swift in Sources */ = {isa = PBXBuildFile; fileRef = B253F1D02B83942B00D048F9 /* CredentialsDatabase.swift */; };
		B253F1DC2B83942B00D048F9 /* LibrePassAPI.swift in Sources */ = {isa = PBXBuildFile; fileRef = B253F1D12B83942B00D048F9 /* LibrePassAPI.swift */; };
		B253F1DD2B83942B00D048F9 /* LibrePassApp.swift in Sources */ = {isa = PBXBuildFile; fileRef = B253F1D22B83942B00D048F9 /* LibrePassApp.swift */; };
		B253F1DE2B83942B00D048F9 /* ApiClient.swift in Sources */ = {isa = PBXBuildFile; fileRef = B253F1D32B83942B00D048F9 /* ApiClient.swift */; };
		B253F1DF2B83942B00D048F9 /* Crypto.swift in Sources */ = {isa = PBXBuildFile; fileRef = B253F1D42B83942B00D048F9 /* Crypto.swift */; };
		B253F1E02B83942B00D048F9 /* LibrePassCipher.swift in Sources */ = {isa = PBXBuildFile; fileRef = B253F1D52B83942B00D048F9 /* LibrePassCipher.swift */; };
		B253F1E12B83942B00D048F9 /* LibrePassEncryptedCipher.swift in Sources */ = {isa = PBXBuildFile; fileRef = B253F1D62B83942B00D048F9 /* LibrePassEncryptedCipher.swift */; };
		B253F1E52B83976900D048F9 /* LICENSE in Resources */ = {isa = PBXBuildFile; fileRef = B253F1E32B83976900D048F9 /* LICENSE */; };
		B253F1E62B83976900D048F9 /* README.md in Resources */ = {isa = PBXBuildFile; fileRef = B253F1E42B83976900D048F9 /* README.md */; };
		B2780F062B8A43C200835EE3 /* LibrePassRegistrationWindow.swift in Sources */ = {isa = PBXBuildFile; fileRef = B2780F052B8A43C200835EE3 /* LibrePassRegistrationWindow.swift */; };
		B2D4447B2B87D0DF0031A685 /* Vault.swift in Sources */ = {isa = PBXBuildFile; fileRef = B2D4447A2B87D0DF0031A685 /* Vault.swift */; };
		B2D91A1D2B8393C70004561A /* Assets.xcassets in Resources */ = {isa = PBXBuildFile; fileRef = B2D91A1C2B8393C70004561A /* Assets.xcassets */; };
		B2D91A202B8393C70004561A /* Preview Assets.xcassets in Resources */ = {isa = PBXBuildFile; fileRef = B2D91A1F2B8393C70004561A /* Preview Assets.xcassets */; };
/* End PBXBuildFile section */

/* Begin PBXFileReference section */
		2816A09CADE280F72E52A29A /* Pods-LibrePass.release.xcconfig */ = {isa = PBXFileReference; includeInIndex = 1; lastKnownFileType = text.xcconfig; name = "Pods-LibrePass.release.xcconfig"; path = "Target Support Files/Pods-LibrePass/Pods-LibrePass.release.xcconfig"; sourceTree = "<group>"; };
		A927B022513678BA42B54FCF /* Pods_LibrePass.framework */ = {isa = PBXFileReference; explicitFileType = wrapper.framework; includeInIndex = 0; path = Pods_LibrePass.framework; sourceTree = BUILT_PRODUCTS_DIR; };
		B253F1CC2B83942B00D048F9 /* LibrePassCipherView.swift */ = {isa = PBXFileReference; fileEncoding = 4; lastKnownFileType = sourcecode.swift; path = LibrePassCipherView.swift; sourceTree = "<group>"; };
		B253F1CD2B83942B00D048F9 /* LibrePassLocalLogin.swift */ = {isa = PBXFileReference; fileEncoding = 4; lastKnownFileType = sourcecode.swift; path = LibrePassLocalLogin.swift; sourceTree = "<group>"; };
		B253F1CE2B83942B00D048F9 /* LibrePassLoginWindow.swift */ = {isa = PBXFileReference; fileEncoding = 4; lastKnownFileType = sourcecode.swift; path = LibrePassLoginWindow.swift; sourceTree = "<group>"; };
		B253F1CF2B83942B00D048F9 /* LibrePassManagerWindow.swift */ = {isa = PBXFileReference; fileEncoding = 4; lastKnownFileType = sourcecode.swift; path = LibrePassManagerWindow.swift; sourceTree = "<group>"; };
		B253F1D02B83942B00D048F9 /* CredentialsDatabase.swift */ = {isa = PBXFileReference; fileEncoding = 4; lastKnownFileType = sourcecode.swift; path = CredentialsDatabase.swift; sourceTree = "<group>"; };
		B253F1D12B83942B00D048F9 /* LibrePassAPI.swift */ = {isa = PBXFileReference; fileEncoding = 4; lastKnownFileType = sourcecode.swift; path = LibrePassAPI.swift; sourceTree = "<group>"; };
		B253F1D22B83942B00D048F9 /* LibrePassApp.swift */ = {isa = PBXFileReference; fileEncoding = 4; lastKnownFileType = sourcecode.swift; path = LibrePassApp.swift; sourceTree = "<group>"; };
		B253F1D32B83942B00D048F9 /* ApiClient.swift */ = {isa = PBXFileReference; fileEncoding = 4; lastKnownFileType = sourcecode.swift; path = ApiClient.swift; sourceTree = "<group>"; };
		B253F1D42B83942B00D048F9 /* Crypto.swift */ = {isa = PBXFileReference; fileEncoding = 4; lastKnownFileType = sourcecode.swift; path = Crypto.swift; sourceTree = "<group>"; };
		B253F1D52B83942B00D048F9 /* LibrePassCipher.swift */ = {isa = PBXFileReference; fileEncoding = 4; lastKnownFileType = sourcecode.swift; path = LibrePassCipher.swift; sourceTree = "<group>"; };
		B253F1D62B83942B00D048F9 /* LibrePassEncryptedCipher.swift */ = {isa = PBXFileReference; fileEncoding = 4; lastKnownFileType = sourcecode.swift; path = LibrePassEncryptedCipher.swift; sourceTree = "<group>"; };
		B253F1E22B8394EE00D048F9 /* LibrePass-Bridging-Header.h */ = {isa = PBXFileReference; fileEncoding = 4; lastKnownFileType = sourcecode.c.h; path = "LibrePass-Bridging-Header.h"; sourceTree = "<group>"; };
		B253F1E32B83976900D048F9 /* LICENSE */ = {isa = PBXFileReference; fileEncoding = 4; lastKnownFileType = text; path = LICENSE; sourceTree = "<group>"; };
		B253F1E42B83976900D048F9 /* README.md */ = {isa = PBXFileReference; fileEncoding = 4; lastKnownFileType = net.daringfireball.markdown; path = README.md; sourceTree = "<group>"; };
		B2780F052B8A43C200835EE3 /* LibrePassRegistrationWindow.swift */ = {isa = PBXFileReference; lastKnownFileType = sourcecode.swift; path = LibrePassRegistrationWindow.swift; sourceTree = "<group>"; };
		B28DFDBD2B8B6DC1007D5837 /* Makefile */ = {isa = PBXFileReference; lastKnownFileType = sourcecode.make; path = Makefile; sourceTree = "<group>"; };
		B2D4447A2B87D0DF0031A685 /* Vault.swift */ = {isa = PBXFileReference; lastKnownFileType = sourcecode.swift; path = Vault.swift; sourceTree = "<group>"; };
		B2D91A152B8393C60004561A /* LibrePass.app */ = {isa = PBXFileReference; explicitFileType = wrapper.application; includeInIndex = 0; path = LibrePass.app; sourceTree = BUILT_PRODUCTS_DIR; };
		B2D91A1C2B8393C70004561A /* Assets.xcassets */ = {isa = PBXFileReference; lastKnownFileType = folder.assetcatalog; path = Assets.xcassets; sourceTree = "<group>"; };
		B2D91A1F2B8393C70004561A /* Preview Assets.xcassets */ = {isa = PBXFileReference; lastKnownFileType = folder.assetcatalog; path = "Preview Assets.xcassets"; sourceTree = "<group>"; };
		F596AB355AB5D89D17A58912 /* Pods-LibrePass.debug.xcconfig */ = {isa = PBXFileReference; includeInIndex = 1; lastKnownFileType = text.xcconfig; name = "Pods-LibrePass.debug.xcconfig"; path = "Target Support Files/Pods-LibrePass/Pods-LibrePass.debug.xcconfig"; sourceTree = "<group>"; };
/* End PBXFileReference section */

/* Begin PBXFrameworksBuildPhase section */
		B2D91A122B8393C60004561A /* Frameworks */ = {
			isa = PBXFrameworksBuildPhase;
			buildActionMask = 2147483647;
			files = (
				3975184DC26DCD2D852A7C08 /* Pods_LibrePass.framework in Frameworks */,
			);
			runOnlyForDeploymentPostprocessing = 0;
		};
/* End PBXFrameworksBuildPhase section */

/* Begin PBXGroup section */
		1CCFA11845A6091810429252 /* Frameworks */ = {
			isa = PBXGroup;
			children = (
				A927B022513678BA42B54FCF /* Pods_LibrePass.framework */,
			);
			name = Frameworks;
			sourceTree = "<group>";
		};
		B2D444772B87CFF00031A685 /* API */ = {
			isa = PBXGroup;
			children = (
				B253F1D12B83942B00D048F9 /* LibrePassAPI.swift */,
				B253F1D52B83942B00D048F9 /* LibrePassCipher.swift */,
				B253F1D62B83942B00D048F9 /* LibrePassEncryptedCipher.swift */,
				B253F1D02B83942B00D048F9 /* CredentialsDatabase.swift */,
				B2D4447A2B87D0DF0031A685 /* Vault.swift */,
				B253F1D42B83942B00D048F9 /* Crypto.swift */,
				B253F1D32B83942B00D048F9 /* ApiClient.swift */,
			);
			path = API;
			sourceTree = "<group>";
		};
		B2D91A0C2B8393C60004561A = {
			isa = PBXGroup;
			children = (
				B28DFDBD2B8B6DC1007D5837 /* Makefile */,
				B253F1E32B83976900D048F9 /* LICENSE */,
				B253F1E42B83976900D048F9 /* README.md */,
				B2D91A172B8393C60004561A /* LibrePass */,
				B2D91A162B8393C60004561A /* Products */,
				C4BF8AE2A13C542780EBE854 /* Pods */,
				1CCFA11845A6091810429252 /* Frameworks */,
			);
			sourceTree = "<group>";
		};
		B2D91A162B8393C60004561A /* Products */ = {
			isa = PBXGroup;
			children = (
				B2D91A152B8393C60004561A /* LibrePass.app */,
			);
			name = Products;
			sourceTree = "<group>";
		};
		B2D91A172B8393C60004561A /* LibrePass */ = {
			isa = PBXGroup;
			children = (
				B2D444772B87CFF00031A685 /* API */,
				B253F1D22B83942B00D048F9 /* LibrePassApp.swift */,
				B2780F052B8A43C200835EE3 /* LibrePassRegistrationWindow.swift */,
				B253F1CE2B83942B00D048F9 /* LibrePassLoginWindow.swift */,
				B253F1CD2B83942B00D048F9 /* LibrePassLocalLogin.swift */,
				B253F1CF2B83942B00D048F9 /* LibrePassManagerWindow.swift */,
				B253F1CC2B83942B00D048F9 /* LibrePassCipherView.swift */,
				B253F1E22B8394EE00D048F9 /* LibrePass-Bridging-Header.h */,
				B2D91A1C2B8393C70004561A /* Assets.xcassets */,
				B2D91A1E2B8393C70004561A /* Preview Content */,
			);
			path = LibrePass;
			sourceTree = "<group>";
		};
		B2D91A1E2B8393C70004561A /* Preview Content */ = {
			isa = PBXGroup;
			children = (
				B2D91A1F2B8393C70004561A /* Preview Assets.xcassets */,
			);
			path = "Preview Content";
			sourceTree = "<group>";
		};
		C4BF8AE2A13C542780EBE854 /* Pods */ = {
			isa = PBXGroup;
			children = (
				F596AB355AB5D89D17A58912 /* Pods-LibrePass.debug.xcconfig */,
				2816A09CADE280F72E52A29A /* Pods-LibrePass.release.xcconfig */,
			);
			path = Pods;
			sourceTree = "<group>";
		};
/* End PBXGroup section */

/* Begin PBXNativeTarget section */
		B2D91A142B8393C60004561A /* LibrePass */ = {
			isa = PBXNativeTarget;
			buildConfigurationList = B2D91A232B8393C70004561A /* Build configuration list for PBXNativeTarget "LibrePass" */;
			buildPhases = (
				F7C85135F291197A1D751897 /* [CP] Check Pods Manifest.lock */,
				B2D91A112B8393C60004561A /* Sources */,
				B2D91A122B8393C60004561A /* Frameworks */,
				B2D91A132B8393C60004561A /* Resources */,
				E2BF409140E7F75969234855 /* [CP] Embed Pods Frameworks */,
			);
			buildRules = (
			);
			dependencies = (
			);
			name = LibrePass;
			productName = LibrePass;
			productReference = B2D91A152B8393C60004561A /* LibrePass.app */;
			productType = "com.apple.product-type.application";
		};
/* End PBXNativeTarget section */

/* Begin PBXProject section */
		B2D91A0D2B8393C60004561A /* Project object */ = {
			isa = PBXProject;
			attributes = {
				BuildIndependentTargetsInParallel = 1;
				LastSwiftUpdateCheck = 1520;
				LastUpgradeCheck = 1520;
				TargetAttributes = {
					B2D91A142B8393C60004561A = {
						CreatedOnToolsVersion = 15.2;
						LastSwiftMigration = 1520;
					};
				};
			};
			buildConfigurationList = B2D91A102B8393C60004561A /* Build configuration list for PBXProject "LibrePass" */;
			compatibilityVersion = "Xcode 14.0";
			developmentRegion = en;
			hasScannedForEncodings = 0;
			knownRegions = (
				en,
				Base,
			);
			mainGroup = B2D91A0C2B8393C60004561A;
			productRefGroup = B2D91A162B8393C60004561A /* Products */;
			projectDirPath = "";
			projectRoot = "";
			targets = (
				B2D91A142B8393C60004561A /* LibrePass */,
			);
		};
/* End PBXProject section */

/* Begin PBXResourcesBuildPhase section */
		B2D91A132B8393C60004561A /* Resources */ = {
			isa = PBXResourcesBuildPhase;
			buildActionMask = 2147483647;
			files = (
				B253F1E52B83976900D048F9 /* LICENSE in Resources */,
				B2D91A202B8393C70004561A /* Preview Assets.xcassets in Resources */,
				B253F1E62B83976900D048F9 /* README.md in Resources */,
				B2D91A1D2B8393C70004561A /* Assets.xcassets in Resources */,
			);
			runOnlyForDeploymentPostprocessing = 0;
		};
/* End PBXResourcesBuildPhase section */

/* Begin PBXShellScriptBuildPhase section */
		E2BF409140E7F75969234855 /* [CP] Embed Pods Frameworks */ = {
			isa = PBXShellScriptBuildPhase;
			buildActionMask = 2147483647;
			files = (
			);
			inputFileListPaths = (
				"${PODS_ROOT}/Target Support Files/Pods-LibrePass/Pods-LibrePass-frameworks-${CONFIGURATION}-input-files.xcfilelist",
			);
			name = "[CP] Embed Pods Frameworks";
			outputFileListPaths = (
				"${PODS_ROOT}/Target Support Files/Pods-LibrePass/Pods-LibrePass-frameworks-${CONFIGURATION}-output-files.xcfilelist",
			);
			runOnlyForDeploymentPostprocessing = 0;
			shellPath = /bin/sh;
			shellScript = "\"${PODS_ROOT}/Target Support Files/Pods-LibrePass/Pods-LibrePass-frameworks.sh\"\n";
			showEnvVarsInLog = 0;
		};
		F7C85135F291197A1D751897 /* [CP] Check Pods Manifest.lock */ = {
			isa = PBXShellScriptBuildPhase;
			buildActionMask = 2147483647;
			files = (
			);
			inputFileListPaths = (
			);
			inputPaths = (
				"${PODS_PODFILE_DIR_PATH}/Podfile.lock",
				"${PODS_ROOT}/Manifest.lock",
			);
			name = "[CP] Check Pods Manifest.lock";
			outputFileListPaths = (
			);
			outputPaths = (
				"$(DERIVED_FILE_DIR)/Pods-LibrePass-checkManifestLockResult.txt",
			);
			runOnlyForDeploymentPostprocessing = 0;
			shellPath = /bin/sh;
			shellScript = "diff \"${PODS_PODFILE_DIR_PATH}/Podfile.lock\" \"${PODS_ROOT}/Manifest.lock\" > /dev/null\nif [ $? != 0 ] ; then\n    # print error to STDERR\n    echo \"error: The sandbox is not in sync with the Podfile.lock. Run 'pod install' or update your CocoaPods installation.\" >&2\n    exit 1\nfi\n# This output is used by Xcode 'outputs' to avoid re-running this script phase.\necho \"SUCCESS\" > \"${SCRIPT_OUTPUT_FILE_0}\"\n";
			showEnvVarsInLog = 0;
		};
/* End PBXShellScriptBuildPhase section */

/* Begin PBXSourcesBuildPhase section */
		B2D91A112B8393C60004561A /* Sources */ = {
			isa = PBXSourcesBuildPhase;
			buildActionMask = 2147483647;
			files = (
				B253F1E02B83942B00D048F9 /* LibrePassCipher.swift in Sources */,
				B253F1DC2B83942B00D048F9 /* LibrePassAPI.swift in Sources */,
				B253F1D92B83942B00D048F9 /* LibrePassLoginWindow.swift in Sources */,
				B253F1D72B83942B00D048F9 /* LibrePassCipherView.swift in Sources */,
				B253F1DF2B83942B00D048F9 /* Crypto.swift in Sources */,
				B253F1DE2B83942B00D048F9 /* ApiClient.swift in Sources */,
				B2D4447B2B87D0DF0031A685 /* Vault.swift in Sources */,
				B2780F062B8A43C200835EE3 /* LibrePassRegistrationWindow.swift in Sources */,
				B253F1DD2B83942B00D048F9 /* LibrePassApp.swift in Sources */,
				B253F1D82B83942B00D048F9 /* LibrePassLocalLogin.swift in Sources */,
				B253F1E12B83942B00D048F9 /* LibrePassEncryptedCipher.swift in Sources */,
				B253F1DB2B83942B00D048F9 /* CredentialsDatabase.swift in Sources */,
				B253F1DA2B83942B00D048F9 /* LibrePassManagerWindow.swift in Sources */,
			);
			runOnlyForDeploymentPostprocessing = 0;
		};
/* End PBXSourcesBuildPhase section */

/* Begin XCBuildConfiguration section */
		B2D91A212B8393C70004561A /* Debug */ = {
			isa = XCBuildConfiguration;
			buildSettings = {
				ALWAYS_SEARCH_USER_PATHS = NO;
				ASSETCATALOG_COMPILER_GENERATE_SWIFT_ASSET_SYMBOL_EXTENSIONS = YES;
				CLANG_ANALYZER_NONNULL = YES;
				CLANG_ANALYZER_NUMBER_OBJECT_CONVERSION = YES_AGGRESSIVE;
				CLANG_CXX_LANGUAGE_STANDARD = "gnu++20";
				CLANG_ENABLE_MODULES = YES;
				CLANG_ENABLE_OBJC_ARC = YES;
				CLANG_ENABLE_OBJC_WEAK = YES;
				CLANG_WARN_BLOCK_CAPTURE_AUTORELEASING = YES;
				CLANG_WARN_BOOL_CONVERSION = YES;
				CLANG_WARN_COMMA = YES;
				CLANG_WARN_CONSTANT_CONVERSION = YES;
				CLANG_WARN_DEPRECATED_OBJC_IMPLEMENTATIONS = YES;
				CLANG_WARN_DIRECT_OBJC_ISA_USAGE = YES_ERROR;
				CLANG_WARN_DOCUMENTATION_COMMENTS = YES;
				CLANG_WARN_EMPTY_BODY = YES;
				CLANG_WARN_ENUM_CONVERSION = YES;
				CLANG_WARN_INFINITE_RECURSION = YES;
				CLANG_WARN_INT_CONVERSION = YES;
				CLANG_WARN_NON_LITERAL_NULL_CONVERSION = YES;
				CLANG_WARN_OBJC_IMPLICIT_RETAIN_SELF = YES;
				CLANG_WARN_OBJC_LITERAL_CONVERSION = YES;
				CLANG_WARN_OBJC_ROOT_CLASS = YES_ERROR;
				CLANG_WARN_QUOTED_INCLUDE_IN_FRAMEWORK_HEADER = YES;
				CLANG_WARN_RANGE_LOOP_ANALYSIS = YES;
				CLANG_WARN_STRICT_PROTOTYPES = YES;
				CLANG_WARN_SUSPICIOUS_MOVE = YES;
				CLANG_WARN_UNGUARDED_AVAILABILITY = YES_AGGRESSIVE;
				CLANG_WARN_UNREACHABLE_CODE = YES;
				CLANG_WARN__DUPLICATE_METHOD_MATCH = YES;
				COPY_PHASE_STRIP = NO;
				DEBUG_INFORMATION_FORMAT = dwarf;
				ENABLE_STRICT_OBJC_MSGSEND = YES;
				ENABLE_TESTABILITY = YES;
				ENABLE_USER_SCRIPT_SANDBOXING = NO;
				GCC_C_LANGUAGE_STANDARD = gnu17;
				GCC_DYNAMIC_NO_PIC = NO;
				GCC_NO_COMMON_BLOCKS = YES;
				GCC_OPTIMIZATION_LEVEL = 0;
				GCC_PREPROCESSOR_DEFINITIONS = (
					"DEBUG=1",
					"$(inherited)",
				);
				GCC_WARN_64_TO_32_BIT_CONVERSION = YES;
				GCC_WARN_ABOUT_RETURN_TYPE = YES_ERROR;
				GCC_WARN_UNDECLARED_SELECTOR = YES;
				GCC_WARN_UNINITIALIZED_AUTOS = YES_AGGRESSIVE;
				GCC_WARN_UNUSED_FUNCTION = YES;
				GCC_WARN_UNUSED_VARIABLE = YES;
				IPHONEOS_DEPLOYMENT_TARGET = 16.0;
				LOCALIZATION_PREFERS_STRING_CATALOGS = YES;
				MTL_ENABLE_DEBUG_INFO = INCLUDE_SOURCE;
				MTL_FAST_MATH = YES;
				ONLY_ACTIVE_ARCH = YES;
				SDKROOT = iphoneos;
				SWIFT_ACTIVE_COMPILATION_CONDITIONS = "DEBUG $(inherited)";
				SWIFT_OPTIMIZATION_LEVEL = "-Onone";
			};
			name = Debug;
		};
		B2D91A222B8393C70004561A /* Release */ = {
			isa = XCBuildConfiguration;
			buildSettings = {
				ALWAYS_SEARCH_USER_PATHS = NO;
				ASSETCATALOG_COMPILER_GENERATE_SWIFT_ASSET_SYMBOL_EXTENSIONS = YES;
				CLANG_ANALYZER_NONNULL = YES;
				CLANG_ANALYZER_NUMBER_OBJECT_CONVERSION = YES_AGGRESSIVE;
				CLANG_CXX_LANGUAGE_STANDARD = "gnu++20";
				CLANG_ENABLE_MODULES = YES;
				CLANG_ENABLE_OBJC_ARC = YES;
				CLANG_ENABLE_OBJC_WEAK = YES;
				CLANG_WARN_BLOCK_CAPTURE_AUTORELEASING = YES;
				CLANG_WARN_BOOL_CONVERSION = YES;
				CLANG_WARN_COMMA = YES;
				CLANG_WARN_CONSTANT_CONVERSION = YES;
				CLANG_WARN_DEPRECATED_OBJC_IMPLEMENTATIONS = YES;
				CLANG_WARN_DIRECT_OBJC_ISA_USAGE = YES_ERROR;
				CLANG_WARN_DOCUMENTATION_COMMENTS = YES;
				CLANG_WARN_EMPTY_BODY = YES;
				CLANG_WARN_ENUM_CONVERSION = YES;
				CLANG_WARN_INFINITE_RECURSION = YES;
				CLANG_WARN_INT_CONVERSION = YES;
				CLANG_WARN_NON_LITERAL_NULL_CONVERSION = YES;
				CLANG_WARN_OBJC_IMPLICIT_RETAIN_SELF = YES;
				CLANG_WARN_OBJC_LITERAL_CONVERSION = YES;
				CLANG_WARN_OBJC_ROOT_CLASS = YES_ERROR;
				CLANG_WARN_QUOTED_INCLUDE_IN_FRAMEWORK_HEADER = YES;
				CLANG_WARN_RANGE_LOOP_ANALYSIS = YES;
				CLANG_WARN_STRICT_PROTOTYPES = YES;
				CLANG_WARN_SUSPICIOUS_MOVE = YES;
				CLANG_WARN_UNGUARDED_AVAILABILITY = YES_AGGRESSIVE;
				CLANG_WARN_UNREACHABLE_CODE = YES;
				CLANG_WARN__DUPLICATE_METHOD_MATCH = YES;
				COPY_PHASE_STRIP = NO;
				DEBUG_INFORMATION_FORMAT = "dwarf-with-dsym";
				ENABLE_NS_ASSERTIONS = NO;
				ENABLE_STRICT_OBJC_MSGSEND = YES;
				ENABLE_USER_SCRIPT_SANDBOXING = NO;
				GCC_C_LANGUAGE_STANDARD = gnu17;
				GCC_NO_COMMON_BLOCKS = YES;
				GCC_WARN_64_TO_32_BIT_CONVERSION = YES;
				GCC_WARN_ABOUT_RETURN_TYPE = YES_ERROR;
				GCC_WARN_UNDECLARED_SELECTOR = YES;
				GCC_WARN_UNINITIALIZED_AUTOS = YES_AGGRESSIVE;
				GCC_WARN_UNUSED_FUNCTION = YES;
				GCC_WARN_UNUSED_VARIABLE = YES;
				IPHONEOS_DEPLOYMENT_TARGET = 16.0;
				LOCALIZATION_PREFERS_STRING_CATALOGS = YES;
				MTL_ENABLE_DEBUG_INFO = NO;
				MTL_FAST_MATH = YES;
				SDKROOT = iphoneos;
				SWIFT_COMPILATION_MODE = wholemodule;
				VALIDATE_PRODUCT = YES;
			};
			name = Release;
		};
		B2D91A242B8393C70004561A /* Debug */ = {
			isa = XCBuildConfiguration;
			baseConfigurationReference = F596AB355AB5D89D17A58912 /* Pods-LibrePass.debug.xcconfig */;
			buildSettings = {
				ASSETCATALOG_COMPILER_APPICON_NAME = AppIcon;
				ASSETCATALOG_COMPILER_GLOBAL_ACCENT_COLOR_NAME = AccentColor;
				CLANG_ENABLE_MODULES = YES;
				CODE_SIGN_STYLE = Automatic;
				CURRENT_PROJECT_VERSION = 1;
				DEVELOPMENT_ASSET_PATHS = "\"LibrePass/Preview Content\"";
				DEVELOPMENT_TEAM = "";
				ENABLE_PREVIEWS = YES;
				GENERATE_INFOPLIST_FILE = YES;
				INFOPLIST_KEY_LSApplicationCategoryType = "public.app-category.utilities";
				INFOPLIST_KEY_UIApplicationSceneManifest_Generation = YES;
				INFOPLIST_KEY_UIApplicationSupportsIndirectInputEvents = YES;
				INFOPLIST_KEY_UILaunchScreen_Generation = YES;
				INFOPLIST_KEY_UISupportedInterfaceOrientations_iPad = "UIInterfaceOrientationPortrait UIInterfaceOrientationPortraitUpsideDown UIInterfaceOrientationLandscapeLeft UIInterfaceOrientationLandscapeRight";
				INFOPLIST_KEY_UISupportedInterfaceOrientations_iPhone = "UIInterfaceOrientationPortrait UIInterfaceOrientationLandscapeLeft UIInterfaceOrientationLandscapeRight";
				IPHONEOS_DEPLOYMENT_TARGET = 16.0;
				LD_RUNPATH_SEARCH_PATHS = (
					"$(inherited)",
					"@executable_path/Frameworks",
				);
				MARKETING_VERSION = 1.0;
				PRODUCT_BUNDLE_IDENTIFIER = com.github.zapomnij.LibrePass;
				PRODUCT_NAME = "$(TARGET_NAME)";
				SUPPORTED_PLATFORMS = "iphoneos iphonesimulator";
				SUPPORTS_MACCATALYST = NO;
				SUPPORTS_MAC_DESIGNED_FOR_IPHONE_IPAD = NO;
				SUPPORTS_XR_DESIGNED_FOR_IPHONE_IPAD = NO;
				SWIFT_EMIT_LOC_STRINGS = YES;
				SWIFT_OBJC_BRIDGING_HEADER = "LibrePass/LibrePass-Bridging-Header.h";
				SWIFT_OPTIMIZATION_LEVEL = "-Onone";
				SWIFT_VERSION = 5.0;
				TARGETED_DEVICE_FAMILY = 1;
			};
			name = Debug;
		};
		B2D91A252B8393C70004561A /* Release */ = {
			isa = XCBuildConfiguration;
			baseConfigurationReference = 2816A09CADE280F72E52A29A /* Pods-LibrePass.release.xcconfig */;
			buildSettings = {
				ASSETCATALOG_COMPILER_APPICON_NAME = AppIcon;
				ASSETCATALOG_COMPILER_GLOBAL_ACCENT_COLOR_NAME = AccentColor;
				CLANG_ENABLE_MODULES = YES;
				CODE_SIGN_STYLE = Automatic;
				CURRENT_PROJECT_VERSION = 1;
				DEVELOPMENT_ASSET_PATHS = "\"LibrePass/Preview Content\"";
				DEVELOPMENT_TEAM = "";
				ENABLE_PREVIEWS = YES;
				GENERATE_INFOPLIST_FILE = YES;
				INFOPLIST_KEY_LSApplicationCategoryType = "public.app-category.utilities";
				INFOPLIST_KEY_UIApplicationSceneManifest_Generation = YES;
				INFOPLIST_KEY_UIApplicationSupportsIndirectInputEvents = YES;
				INFOPLIST_KEY_UILaunchScreen_Generation = YES;
				INFOPLIST_KEY_UISupportedInterfaceOrientations_iPad = "UIInterfaceOrientationPortrait UIInterfaceOrientationPortraitUpsideDown UIInterfaceOrientationLandscapeLeft UIInterfaceOrientationLandscapeRight";
				INFOPLIST_KEY_UISupportedInterfaceOrientations_iPhone = "UIInterfaceOrientationPortrait UIInterfaceOrientationLandscapeLeft UIInterfaceOrientationLandscapeRight";
				IPHONEOS_DEPLOYMENT_TARGET = 16.0;
				LD_RUNPATH_SEARCH_PATHS = (
					"$(inherited)",
					"@executable_path/Frameworks",
				);
				MARKETING_VERSION = 1.0;
				PRODUCT_BUNDLE_IDENTIFIER = com.github.zapomnij.LibrePass;
				PRODUCT_NAME = "$(TARGET_NAME)";
				SUPPORTED_PLATFORMS = "iphoneos iphonesimulator";
				SUPPORTS_MACCATALYST = NO;
				SUPPORTS_MAC_DESIGNED_FOR_IPHONE_IPAD = NO;
				SUPPORTS_XR_DESIGNED_FOR_IPHONE_IPAD = NO;
				SWIFT_EMIT_LOC_STRINGS = YES;
				SWIFT_OBJC_BRIDGING_HEADER = "LibrePass/LibrePass-Bridging-Header.h";
				SWIFT_VERSION = 5.0;
				TARGETED_DEVICE_FAMILY = 1;
			};
			name = Release;
		};
/* End XCBuildConfiguration section */

/* Begin XCConfigurationList section */
		B2D91A102B8393C60004561A /* Build configuration list for PBXProject "LibrePass" */ = {
			isa = XCConfigurationList;
			buildConfigurations = (
				B2D91A212B8393C70004561A /* Debug */,
				B2D91A222B8393C70004561A /* Release */,
			);
			defaultConfigurationIsVisible = 0;
			defaultConfigurationName = Release;
		};
		B2D91A232B8393C70004561A /* Build configuration list for PBXNativeTarget "LibrePass" */ = {
			isa = XCConfigurationList;
			buildConfigurations = (
				B2D91A242B8393C70004561A /* Debug */,
				B2D91A252B8393C70004561A /* Release */,
			);
			defaultConfigurationIsVisible = 0;
			defaultConfigurationName = Release;
		};
/* End XCConfigurationList section */
	};
	rootObject = B2D91A0D2B8393C60004561A /* Project object */;
}
