// !$*UTF8*$!
{
	archiveVersion = 1;
	classes = {
	};
	objectVersion = 56;
	objects = {

/* Begin PBXBuildFile section */
		17349C0D2BC1E19D00452814 /* ContentView.swift in Sources */ = {isa = PBXBuildFile; fileRef = 17349C0C2BC1E19D00452814 /* ContentView.swift */; };
		17349C0F2BC1E4A100452814 /* LoginView.swift in Sources */ = {isa = PBXBuildFile; fileRef = 17349C0E2BC1E4A100452814 /* LoginView.swift */; };
		17349C112BC1E4B300452814 /* SignupView.swift in Sources */ = {isa = PBXBuildFile; fileRef = 17349C102BC1E4B300452814 /* SignupView.swift */; };
		174EA0982BC3609E00084D2C /* Argon2Swift in Frameworks */ = {isa = PBXBuildFile; productRef = 174EA0972BC3609E00084D2C /* Argon2Swift */; };
		175190532BCA3EEB0076460A /* HomeView.swift in Sources */ = {isa = PBXBuildFile; fileRef = 175190522BCA3EEB0076460A /* HomeView.swift */; };
		176A30622BC1C103005C143E /* CustomEnvironment.swift in Sources */ = {isa = PBXBuildFile; fileRef = 176A30612BC1C103005C143E /* CustomEnvironment.swift */; };
		177B62D02BCB78B1003EBC65 /* PreLoginResponse.swift in Sources */ = {isa = PBXBuildFile; fileRef = 177B62CF2BCB78B1003EBC65 /* PreLoginResponse.swift */; };
		179E981C2BC1DDBB00D71ACA /* AuthViewModel.swift in Sources */ = {isa = PBXBuildFile; fileRef = 179E981B2BC1DDBB00D71ACA /* AuthViewModel.swift */; };
		17B4516B2BCC6E1C00C5E1AE /* KeychainSwift in Frameworks */ = {isa = PBXBuildFile; productRef = 17B4516A2BCC6E1C00C5E1AE /* KeychainSwift */; };
		17B4516D2BCC832900C5E1AE /* UserCredentialResponse.swift in Sources */ = {isa = PBXBuildFile; fileRef = 17B4516C2BCC832900C5E1AE /* UserCredentialResponse.swift */; };
		17B4516F2BCC8CE600C5E1AE /* LoginRequest.swift in Sources */ = {isa = PBXBuildFile; fileRef = 17B4516E2BCC8CE600C5E1AE /* LoginRequest.swift */; };
		17B451722BCD866900C5E1AE /* RegisterRequest.swift in Sources */ = {isa = PBXBuildFile; fileRef = 17B451712BCD866900C5E1AE /* RegisterRequest.swift */; };
		17B451742BCDB90B00C5E1AE /* Credentials.swift in Sources */ = {isa = PBXBuildFile; fileRef = 17B451732BCDB90B00C5E1AE /* Credentials.swift */; };
		B253F1DD2B83942B00D048F9 /* LibrePassApp.swift in Sources */ = {isa = PBXBuildFile; fileRef = B253F1D22B83942B00D048F9 /* LibrePassApp.swift */; };
		B253F1E52B83976900D048F9 /* LICENSE in Resources */ = {isa = PBXBuildFile; fileRef = B253F1E32B83976900D048F9 /* LICENSE */; };
		B2D91A1D2B8393C70004561A /* Assets.xcassets in Resources */ = {isa = PBXBuildFile; fileRef = B2D91A1C2B8393C70004561A /* Assets.xcassets */; };
		B2D91A202B8393C70004561A /* Preview Assets.xcassets in Resources */ = {isa = PBXBuildFile; fileRef = B2D91A1F2B8393C70004561A /* Preview Assets.xcassets */; };
/* End PBXBuildFile section */

/* Begin PBXFileReference section */
		17349C0C2BC1E19D00452814 /* ContentView.swift */ = {isa = PBXFileReference; lastKnownFileType = sourcecode.swift; path = ContentView.swift; sourceTree = "<group>"; };
		17349C0E2BC1E4A100452814 /* LoginView.swift */ = {isa = PBXFileReference; lastKnownFileType = sourcecode.swift; path = LoginView.swift; sourceTree = "<group>"; };
		17349C102BC1E4B300452814 /* SignupView.swift */ = {isa = PBXFileReference; lastKnownFileType = sourcecode.swift; path = SignupView.swift; sourceTree = "<group>"; };
		1742993E2BC9D09B008B639D /* Dev.xcconfig */ = {isa = PBXFileReference; lastKnownFileType = text.xcconfig; path = Dev.xcconfig; sourceTree = "<group>"; };
		1742993F2BC9D0B6008B639D /* Prod.xcconfig */ = {isa = PBXFileReference; lastKnownFileType = text.xcconfig; path = Prod.xcconfig; sourceTree = "<group>"; };
		175190522BCA3EEB0076460A /* HomeView.swift */ = {isa = PBXFileReference; lastKnownFileType = sourcecode.swift; path = HomeView.swift; sourceTree = "<group>"; };
		176A30612BC1C103005C143E /* CustomEnvironment.swift */ = {isa = PBXFileReference; lastKnownFileType = sourcecode.swift; path = CustomEnvironment.swift; sourceTree = "<group>"; };
		176A306A2BC1C8D8005C143E /* Info.plist */ = {isa = PBXFileReference; lastKnownFileType = text.plist.xml; path = Info.plist; sourceTree = "<group>"; };
		177B62CF2BCB78B1003EBC65 /* PreLoginResponse.swift */ = {isa = PBXFileReference; lastKnownFileType = sourcecode.swift; path = PreLoginResponse.swift; sourceTree = "<group>"; };
		179E981B2BC1DDBB00D71ACA /* AuthViewModel.swift */ = {isa = PBXFileReference; lastKnownFileType = sourcecode.swift; path = AuthViewModel.swift; sourceTree = "<group>"; };
		17B4516C2BCC832900C5E1AE /* UserCredentialResponse.swift */ = {isa = PBXFileReference; lastKnownFileType = sourcecode.swift; path = UserCredentialResponse.swift; sourceTree = "<group>"; };
		17B4516E2BCC8CE600C5E1AE /* LoginRequest.swift */ = {isa = PBXFileReference; lastKnownFileType = sourcecode.swift; path = LoginRequest.swift; sourceTree = "<group>"; };
		17B451712BCD866900C5E1AE /* RegisterRequest.swift */ = {isa = PBXFileReference; lastKnownFileType = sourcecode.swift; path = RegisterRequest.swift; sourceTree = "<group>"; };
		17B451732BCDB90B00C5E1AE /* Credentials.swift */ = {isa = PBXFileReference; lastKnownFileType = sourcecode.swift; path = Credentials.swift; sourceTree = "<group>"; };
		B253F1D22B83942B00D048F9 /* LibrePassApp.swift */ = {isa = PBXFileReference; fileEncoding = 4; lastKnownFileType = sourcecode.swift; path = LibrePassApp.swift; sourceTree = "<group>"; };
		B253F1E32B83976900D048F9 /* LICENSE */ = {isa = PBXFileReference; fileEncoding = 4; lastKnownFileType = text; path = LICENSE; sourceTree = "<group>"; };
		B2D91A152B8393C60004561A /* LibrePass.app */ = {isa = PBXFileReference; explicitFileType = wrapper.application; includeInIndex = 0; path = LibrePass.app; sourceTree = BUILT_PRODUCTS_DIR; };
		B2D91A1C2B8393C70004561A /* Assets.xcassets */ = {isa = PBXFileReference; lastKnownFileType = folder.assetcatalog; path = Assets.xcassets; sourceTree = "<group>"; };
		B2D91A1F2B8393C70004561A /* Preview Assets.xcassets */ = {isa = PBXFileReference; lastKnownFileType = folder.assetcatalog; path = "Preview Assets.xcassets"; sourceTree = "<group>"; };
/* End PBXFileReference section */

/* Begin PBXFrameworksBuildPhase section */
		B2D91A122B8393C60004561A /* Frameworks */ = {
			isa = PBXFrameworksBuildPhase;
			buildActionMask = 2147483647;
			files = (
				174EA0982BC3609E00084D2C /* Argon2Swift in Frameworks */,
				17B4516B2BCC6E1C00C5E1AE /* KeychainSwift in Frameworks */,
			);
			runOnlyForDeploymentPostprocessing = 0;
		};
/* End PBXFrameworksBuildPhase section */

/* Begin PBXGroup section */
		1742993D2BC9D070008B639D /* Configs */ = {
			isa = PBXGroup;
			children = (
				1742993E2BC9D09B008B639D /* Dev.xcconfig */,
				1742993F2BC9D0B6008B639D /* Prod.xcconfig */,
			);
			path = Configs;
			sourceTree = "<group>";
		};
		175190512BCA3EE00076460A /* Home */ = {
			isa = PBXGroup;
			children = (
				175190522BCA3EEB0076460A /* HomeView.swift */,
			);
			path = Home;
			sourceTree = "<group>";
		};
		179E98132BC1DAB900D71ACA /* App */ = {
			isa = PBXGroup;
			children = (
				B253F1D22B83942B00D048F9 /* LibrePassApp.swift */,
			);
			path = App;
			sourceTree = "<group>";
		};
		179E98142BC1DAC200D71ACA /* Core */ = {
			isa = PBXGroup;
			children = (
				175190512BCA3EE00076460A /* Home */,
				179E98182BC1DCEC00D71ACA /* Auth */,
				179E98152BC1DB1B00D71ACA /* Root */,
			);
			path = Core;
			sourceTree = "<group>";
		};
		179E98152BC1DB1B00D71ACA /* Root */ = {
			isa = PBXGroup;
			children = (
				17349C0C2BC1E19D00452814 /* ContentView.swift */,
			);
			path = Root;
			sourceTree = "<group>";
		};
		179E98182BC1DCEC00D71ACA /* Auth */ = {
			isa = PBXGroup;
			children = (
				17B451702BCD847D00C5E1AE /* Model */,
				179E981A2BC1DD2000D71ACA /* ViewModel */,
				179E98192BC1DD1A00D71ACA /* Views */,
			);
			path = Auth;
			sourceTree = "<group>";
		};
		179E98192BC1DD1A00D71ACA /* Views */ = {
			isa = PBXGroup;
			children = (
				17349C0E2BC1E4A100452814 /* LoginView.swift */,
				17349C102BC1E4B300452814 /* SignupView.swift */,
			);
			path = Views;
			sourceTree = "<group>";
		};
		179E981A2BC1DD2000D71ACA /* ViewModel */ = {
			isa = PBXGroup;
			children = (
				179E981B2BC1DDBB00D71ACA /* AuthViewModel.swift */,
			);
			path = ViewModel;
			sourceTree = "<group>";
		};
		17B451702BCD847D00C5E1AE /* Model */ = {
			isa = PBXGroup;
			children = (
				177B62CF2BCB78B1003EBC65 /* PreLoginResponse.swift */,
				17B4516C2BCC832900C5E1AE /* UserCredentialResponse.swift */,
				17B4516E2BCC8CE600C5E1AE /* LoginRequest.swift */,
				17B451712BCD866900C5E1AE /* RegisterRequest.swift */,
				17B451732BCDB90B00C5E1AE /* Credentials.swift */,
			);
			path = Model;
			sourceTree = "<group>";
		};
		B2D91A0C2B8393C60004561A = {
			isa = PBXGroup;
			children = (
				B2D91A172B8393C60004561A /* LibrePass */,
				B253F1E32B83976900D048F9 /* LICENSE */,
				B2D91A162B8393C60004561A /* Products */,
			);
			sourceTree = "<group>";
		};
		B2D91A162B8393C60004561A /* Products */ = {
			isa = PBXGroup;
			children = (
				B2D91A152B8393C60004561A /* LibrePass.app */,
			);
			name = Products;
			sourceTree = "<group>";
		};
		B2D91A172B8393C60004561A /* LibrePass */ = {
			isa = PBXGroup;
			children = (
				179E98132BC1DAB900D71ACA /* App */,
				B2D91A1C2B8393C70004561A /* Assets.xcassets */,
				1742993D2BC9D070008B639D /* Configs */,
				179E98142BC1DAC200D71ACA /* Core */,
				176A30612BC1C103005C143E /* CustomEnvironment.swift */,
				176A306A2BC1C8D8005C143E /* Info.plist */,
				B2D91A1E2B8393C70004561A /* Preview Content */,
			);
			path = LibrePass;
			sourceTree = "<group>";
		};
		B2D91A1E2B8393C70004561A /* Preview Content */ = {
			isa = PBXGroup;
			children = (
				B2D91A1F2B8393C70004561A /* Preview Assets.xcassets */,
			);
			path = "Preview Content";
			sourceTree = "<group>";
		};
/* End PBXGroup section */

/* Begin PBXNativeTarget section */
		B2D91A142B8393C60004561A /* LibrePass */ = {
			isa = PBXNativeTarget;
			buildConfigurationList = B2D91A232B8393C70004561A /* Build configuration list for PBXNativeTarget "LibrePass" */;
			buildPhases = (
				B2D91A112B8393C60004561A /* Sources */,
				B2D91A122B8393C60004561A /* Frameworks */,
				B2D91A132B8393C60004561A /* Resources */,
			);
			buildRules = (
			);
			dependencies = (
			);
			name = LibrePass;
			packageProductDependencies = (
				174EA0972BC3609E00084D2C /* Argon2Swift */,
				17B4516A2BCC6E1C00C5E1AE /* KeychainSwift */,
			);
			productName = LibrePass;
			productReference = B2D91A152B8393C60004561A /* LibrePass.app */;
			productType = "com.apple.product-type.application";
		};
/* End PBXNativeTarget section */

/* Begin PBXProject section */
		B2D91A0D2B8393C60004561A /* Project object */ = {
			isa = PBXProject;
			attributes = {
				BuildIndependentTargetsInParallel = 1;
				LastSwiftUpdateCheck = 1520;
				LastUpgradeCheck = 1520;
				TargetAttributes = {
					B2D91A142B8393C60004561A = {
						CreatedOnToolsVersion = 15.2;
						LastSwiftMigration = 1520;
					};
				};
			};
			buildConfigurationList = B2D91A102B8393C60004561A /* Build configuration list for PBXProject "LibrePass" */;
			compatibilityVersion = "Xcode 14.0";
			developmentRegion = en;
			hasScannedForEncodings = 0;
			knownRegions = (
				en,
				Base,
			);
			mainGroup = B2D91A0C2B8393C60004561A;
			packageReferences = (
				174EA0962BC3609E00084D2C /* XCRemoteSwiftPackageReference "Argon2Swift" */,
				17B451692BCC6E1C00C5E1AE /* XCRemoteSwiftPackageReference "keychain-swift" */,
			);
			productRefGroup = B2D91A162B8393C60004561A /* Products */;
			projectDirPath = "";
			projectRoot = "";
			targets = (
				B2D91A142B8393C60004561A /* LibrePass */,
			);
		};
/* End PBXProject section */

/* Begin PBXResourcesBuildPhase section */
		B2D91A132B8393C60004561A /* Resources */ = {
			isa = PBXResourcesBuildPhase;
			buildActionMask = 2147483647;
			files = (
				B253F1E52B83976900D048F9 /* LICENSE in Resources */,
				B2D91A202B8393C70004561A /* Preview Assets.xcassets in Resources */,
				B2D91A1D2B8393C70004561A /* Assets.xcassets in Resources */,
			);
			runOnlyForDeploymentPostprocessing = 0;
		};
/* End PBXResourcesBuildPhase section */

/* Begin PBXSourcesBuildPhase section */
		B2D91A112B8393C60004561A /* Sources */ = {
			isa = PBXSourcesBuildPhase;
			buildActionMask = 2147483647;
			files = (
				17B4516F2BCC8CE600C5E1AE /* LoginRequest.swift in Sources */,
				17B451742BCDB90B00C5E1AE /* Credentials.swift in Sources */,
				177B62D02BCB78B1003EBC65 /* PreLoginResponse.swift in Sources */,
				17349C0F2BC1E4A100452814 /* LoginView.swift in Sources */,
				17B4516D2BCC832900C5E1AE /* UserCredentialResponse.swift in Sources */,
				B253F1DD2B83942B00D048F9 /* LibrePassApp.swift in Sources */,
				17349C0D2BC1E19D00452814 /* ContentView.swift in Sources */,
				17B451722BCD866900C5E1AE /* RegisterRequest.swift in Sources */,
				176A30622BC1C103005C143E /* CustomEnvironment.swift in Sources */,
				179E981C2BC1DDBB00D71ACA /* AuthViewModel.swift in Sources */,
				175190532BCA3EEB0076460A /* HomeView.swift in Sources */,
				17349C112BC1E4B300452814 /* SignupView.swift in Sources */,
			);
			runOnlyForDeploymentPostprocessing = 0;
		};
/* End PBXSourcesBuildPhase section */

/* Begin XCBuildConfiguration section */
		176A30632BC1C4D6005C143E /* Debug(Prod) */ = {
			isa = XCBuildConfiguration;
			baseConfigurationReference = 1742993F2BC9D0B6008B639D /* Prod.xcconfig */;
			buildSettings = {
				ALWAYS_SEARCH_USER_PATHS = NO;
				ASSETCATALOG_COMPILER_GENERATE_SWIFT_ASSET_SYMBOL_EXTENSIONS = YES;
				CLANG_ANALYZER_NONNULL = YES;
				CLANG_ANALYZER_NUMBER_OBJECT_CONVERSION = YES_AGGRESSIVE;
				CLANG_CXX_LANGUAGE_STANDARD = "gnu++20";
				CLANG_ENABLE_MODULES = YES;
				CLANG_ENABLE_OBJC_ARC = YES;
				CLANG_ENABLE_OBJC_WEAK = YES;
				CLANG_WARN_BLOCK_CAPTURE_AUTORELEASING = YES;
				CLANG_WARN_BOOL_CONVERSION = YES;
				CLANG_WARN_COMMA = YES;
				CLANG_WARN_CONSTANT_CONVERSION = YES;
				CLANG_WARN_DEPRECATED_OBJC_IMPLEMENTATIONS = YES;
				CLANG_WARN_DIRECT_OBJC_ISA_USAGE = YES_ERROR;
				CLANG_WARN_DOCUMENTATION_COMMENTS = YES;
				CLANG_WARN_EMPTY_BODY = YES;
				CLANG_WARN_ENUM_CONVERSION = YES;
				CLANG_WARN_INFINITE_RECURSION = YES;
				CLANG_WARN_INT_CONVERSION = YES;
				CLANG_WARN_NON_LITERAL_NULL_CONVERSION = YES;
				CLANG_WARN_OBJC_IMPLICIT_RETAIN_SELF = YES;
				CLANG_WARN_OBJC_LITERAL_CONVERSION = YES;
				CLANG_WARN_OBJC_ROOT_CLASS = YES_ERROR;
				CLANG_WARN_QUOTED_INCLUDE_IN_FRAMEWORK_HEADER = YES;
				CLANG_WARN_RANGE_LOOP_ANALYSIS = YES;
				CLANG_WARN_STRICT_PROTOTYPES = YES;
				CLANG_WARN_SUSPICIOUS_MOVE = YES;
				CLANG_WARN_UNGUARDED_AVAILABILITY = YES_AGGRESSIVE;
				CLANG_WARN_UNREACHABLE_CODE = YES;
				CLANG_WARN__DUPLICATE_METHOD_MATCH = YES;
				COPY_PHASE_STRIP = NO;
				DEBUG_INFORMATION_FORMAT = dwarf;
				ENABLE_STRICT_OBJC_MSGSEND = YES;
				ENABLE_TESTABILITY = YES;
				ENABLE_USER_SCRIPT_SANDBOXING = NO;
				GCC_C_LANGUAGE_STANDARD = gnu17;
				GCC_DYNAMIC_NO_PIC = NO;
				GCC_NO_COMMON_BLOCKS = YES;
				GCC_OPTIMIZATION_LEVEL = 0;
				GCC_PREPROCESSOR_DEFINITIONS = (
					"DEBUG=1",
					"$(inherited)",
				);
				GCC_WARN_64_TO_32_BIT_CONVERSION = YES;
				GCC_WARN_ABOUT_RETURN_TYPE = YES_ERROR;
				GCC_WARN_UNDECLARED_SELECTOR = YES;
				GCC_WARN_UNINITIALIZED_AUTOS = YES_AGGRESSIVE;
				GCC_WARN_UNUSED_FUNCTION = YES;
				GCC_WARN_UNUSED_VARIABLE = YES;
				IPHONEOS_DEPLOYMENT_TARGET = 17.0;
				LOCALIZATION_PREFERS_STRING_CATALOGS = YES;
				MTL_ENABLE_DEBUG_INFO = INCLUDE_SOURCE;
				MTL_FAST_MATH = YES;
				ONLY_ACTIVE_ARCH = YES;
				SDKROOT = iphoneos;
				SWIFT_ACTIVE_COMPILATION_CONDITIONS = "DEBUG $(inherited)";
				SWIFT_OPTIMIZATION_LEVEL = "-Onone";
			};
			name = "Debug(Prod)";
		};
		176A30642BC1C4D6005C143E /* Debug(Prod) */ = {
			isa = XCBuildConfiguration;
			baseConfigurationReference = 1742993F2BC9D0B6008B639D /* Prod.xcconfig */;
			buildSettings = {
				ASSETCATALOG_COMPILER_APPICON_NAME = AppIcon;
				ASSETCATALOG_COMPILER_GLOBAL_ACCENT_COLOR_NAME = AccentColor;
				CLANG_ENABLE_MODULES = YES;
				CODE_SIGN_STYLE = Manual;
				CURRENT_PROJECT_VERSION = 1;
				DEVELOPMENT_ASSET_PATHS = "\"LibrePass/Preview Content\"";
				DEVELOPMENT_TEAM = "";
				ENABLE_PREVIEWS = YES;
				GENERATE_INFOPLIST_FILE = YES;
				INFOPLIST_FILE = LibrePass/Info.plist;
				INFOPLIST_KEY_LSApplicationCategoryType = "public.app-category.utilities";
				INFOPLIST_KEY_NSFaceIDUsageDescription = "We need you unlock your data.";
				INFOPLIST_KEY_UIApplicationSceneManifest_Generation = YES;
				INFOPLIST_KEY_UIApplicationSupportsIndirectInputEvents = YES;
				INFOPLIST_KEY_UILaunchScreen_Generation = YES;
				INFOPLIST_KEY_UISupportedInterfaceOrientations_iPad = "UIInterfaceOrientationPortrait UIInterfaceOrientationPortraitUpsideDown UIInterfaceOrientationLandscapeLeft UIInterfaceOrientationLandscapeRight";
				INFOPLIST_KEY_UISupportedInterfaceOrientations_iPhone = "UIInterfaceOrientationPortrait UIInterfaceOrientationLandscapeLeft UIInterfaceOrientationLandscapeRight";
				IPHONEOS_DEPLOYMENT_TARGET = 17.0;
				LD_RUNPATH_SEARCH_PATHS = (
					"$(inherited)",
					"@executable_path/Frameworks",
				);
				MARKETING_VERSION = 1.2.0;
				PRODUCT_BUNDLE_IDENTIFIER = com.github.zapomnij.LibrePass;
				PRODUCT_NAME = "$(TARGET_NAME)";
				PROVISIONING_PROFILE_SPECIFIER = "";
				SUPPORTED_PLATFORMS = "iphoneos iphonesimulator macosx";
				SUPPORTS_MACCATALYST = NO;
				SUPPORTS_MAC_DESIGNED_FOR_IPHONE_IPAD = NO;
				SUPPORTS_XR_DESIGNED_FOR_IPHONE_IPAD = NO;
				SWIFT_EMIT_LOC_STRINGS = YES;
				SWIFT_OBJC_BRIDGING_HEADER = "LibrePass/LibrePass-Bridging-Header.h";
				SWIFT_OPTIMIZATION_LEVEL = "-Onone";
				SWIFT_VERSION = 5.0;
				TARGETED_DEVICE_FAMILY = "1,2";
			};
			name = "Debug(Prod)";
		};
		176A30652BC1C4D9005C143E /* Release(Prod) */ = {
			isa = XCBuildConfiguration;
			baseConfigurationReference = 1742993F2BC9D0B6008B639D /* Prod.xcconfig */;
			buildSettings = {
				ALWAYS_SEARCH_USER_PATHS = NO;
				ASSETCATALOG_COMPILER_GENERATE_SWIFT_ASSET_SYMBOL_EXTENSIONS = YES;
				CLANG_ANALYZER_NONNULL = YES;
				CLANG_ANALYZER_NUMBER_OBJECT_CONVERSION = YES_AGGRESSIVE;
				CLANG_CXX_LANGUAGE_STANDARD = "gnu++20";
				CLANG_ENABLE_MODULES = YES;
				CLANG_ENABLE_OBJC_ARC = YES;
				CLANG_ENABLE_OBJC_WEAK = YES;
				CLANG_WARN_BLOCK_CAPTURE_AUTORELEASING = YES;
				CLANG_WARN_BOOL_CONVERSION = YES;
				CLANG_WARN_COMMA = YES;
				CLANG_WARN_CONSTANT_CONVERSION = YES;
				CLANG_WARN_DEPRECATED_OBJC_IMPLEMENTATIONS = YES;
				CLANG_WARN_DIRECT_OBJC_ISA_USAGE = YES_ERROR;
				CLANG_WARN_DOCUMENTATION_COMMENTS = YES;
				CLANG_WARN_EMPTY_BODY = YES;
				CLANG_WARN_ENUM_CONVERSION = YES;
				CLANG_WARN_INFINITE_RECURSION = YES;
				CLANG_WARN_INT_CONVERSION = YES;
				CLANG_WARN_NON_LITERAL_NULL_CONVERSION = YES;
				CLANG_WARN_OBJC_IMPLICIT_RETAIN_SELF = YES;
				CLANG_WARN_OBJC_LITERAL_CONVERSION = YES;
				CLANG_WARN_OBJC_ROOT_CLASS = YES_ERROR;
				CLANG_WARN_QUOTED_INCLUDE_IN_FRAMEWORK_HEADER = YES;
				CLANG_WARN_RANGE_LOOP_ANALYSIS = YES;
				CLANG_WARN_STRICT_PROTOTYPES = YES;
				CLANG_WARN_SUSPICIOUS_MOVE = YES;
				CLANG_WARN_UNGUARDED_AVAILABILITY = YES_AGGRESSIVE;
				CLANG_WARN_UNREACHABLE_CODE = YES;
				CLANG_WARN__DUPLICATE_METHOD_MATCH = YES;
				COPY_PHASE_STRIP = NO;
				DEBUG_INFORMATION_FORMAT = "dwarf-with-dsym";
				ENABLE_NS_ASSERTIONS = NO;
				ENABLE_STRICT_OBJC_MSGSEND = YES;
				ENABLE_USER_SCRIPT_SANDBOXING = NO;
				GCC_C_LANGUAGE_STANDARD = gnu17;
				GCC_NO_COMMON_BLOCKS = YES;
				GCC_WARN_64_TO_32_BIT_CONVERSION = YES;
				GCC_WARN_ABOUT_RETURN_TYPE = YES_ERROR;
				GCC_WARN_UNDECLARED_SELECTOR = YES;
				GCC_WARN_UNINITIALIZED_AUTOS = YES_AGGRESSIVE;
				GCC_WARN_UNUSED_FUNCTION = YES;
				GCC_WARN_UNUSED_VARIABLE = YES;
				IPHONEOS_DEPLOYMENT_TARGET = 17.0;
				LOCALIZATION_PREFERS_STRING_CATALOGS = YES;
				MTL_ENABLE_DEBUG_INFO = NO;
				MTL_FAST_MATH = YES;
				SDKROOT = iphoneos;
				SWIFT_COMPILATION_MODE = wholemodule;
				VALIDATE_PRODUCT = YES;
			};
			name = "Release(Prod)";
		};
		176A30662BC1C4D9005C143E /* Release(Prod) */ = {
			isa = XCBuildConfiguration;
			baseConfigurationReference = 1742993F2BC9D0B6008B639D /* Prod.xcconfig */;
			buildSettings = {
				ASSETCATALOG_COMPILER_APPICON_NAME = AppIcon;
				ASSETCATALOG_COMPILER_GLOBAL_ACCENT_COLOR_NAME = AccentColor;
				CLANG_ENABLE_MODULES = YES;
				CODE_SIGN_STYLE = Manual;
				CURRENT_PROJECT_VERSION = 1;
				DEVELOPMENT_ASSET_PATHS = "\"LibrePass/Preview Content\"";
				DEVELOPMENT_TEAM = "";
				ENABLE_PREVIEWS = YES;
				GENERATE_INFOPLIST_FILE = YES;
				INFOPLIST_FILE = LibrePass/Info.plist;
				INFOPLIST_KEY_LSApplicationCategoryType = "public.app-category.utilities";
				INFOPLIST_KEY_NSFaceIDUsageDescription = "We need you unlock your data.";
				INFOPLIST_KEY_UIApplicationSceneManifest_Generation = YES;
				INFOPLIST_KEY_UIApplicationSupportsIndirectInputEvents = YES;
				INFOPLIST_KEY_UILaunchScreen_Generation = YES;
				INFOPLIST_KEY_UISupportedInterfaceOrientations_iPad = "UIInterfaceOrientationPortrait UIInterfaceOrientationPortraitUpsideDown UIInterfaceOrientationLandscapeLeft UIInterfaceOrientationLandscapeRight";
				INFOPLIST_KEY_UISupportedInterfaceOrientations_iPhone = "UIInterfaceOrientationPortrait UIInterfaceOrientationLandscapeLeft UIInterfaceOrientationLandscapeRight";
				IPHONEOS_DEPLOYMENT_TARGET = 17.0;
				LD_RUNPATH_SEARCH_PATHS = (
					"$(inherited)",
					"@executable_path/Frameworks",
				);
				MARKETING_VERSION = 1.2.0;
				PRODUCT_BUNDLE_IDENTIFIER = com.github.zapomnij.LibrePass;
				PRODUCT_NAME = "$(TARGET_NAME)";
				PROVISIONING_PROFILE_SPECIFIER = "";
				SUPPORTED_PLATFORMS = "iphoneos iphonesimulator macosx";
				SUPPORTS_MACCATALYST = NO;
				SUPPORTS_MAC_DESIGNED_FOR_IPHONE_IPAD = NO;
				SUPPORTS_XR_DESIGNED_FOR_IPHONE_IPAD = NO;
				SWIFT_EMIT_LOC_STRINGS = YES;
				SWIFT_OBJC_BRIDGING_HEADER = "LibrePass/LibrePass-Bridging-Header.h";
				SWIFT_VERSION = 5.0;
				TARGETED_DEVICE_FAMILY = "1,2";
			};
			name = "Release(Prod)";
		};
		B2D91A212B8393C70004561A /* Debug(Dev) */ = {
			isa = XCBuildConfiguration;
			baseConfigurationReference = 1742993E2BC9D09B008B639D /* Dev.xcconfig */;
			buildSettings = {
				ALWAYS_SEARCH_USER_PATHS = NO;
				ASSETCATALOG_COMPILER_GENERATE_SWIFT_ASSET_SYMBOL_EXTENSIONS = YES;
				CLANG_ANALYZER_NONNULL = YES;
				CLANG_ANALYZER_NUMBER_OBJECT_CONVERSION = YES_AGGRESSIVE;
				CLANG_CXX_LANGUAGE_STANDARD = "gnu++20";
				CLANG_ENABLE_MODULES = YES;
				CLANG_ENABLE_OBJC_ARC = YES;
				CLANG_ENABLE_OBJC_WEAK = YES;
				CLANG_WARN_BLOCK_CAPTURE_AUTORELEASING = YES;
				CLANG_WARN_BOOL_CONVERSION = YES;
				CLANG_WARN_COMMA = YES;
				CLANG_WARN_CONSTANT_CONVERSION = YES;
				CLANG_WARN_DEPRECATED_OBJC_IMPLEMENTATIONS = YES;
				CLANG_WARN_DIRECT_OBJC_ISA_USAGE = YES_ERROR;
				CLANG_WARN_DOCUMENTATION_COMMENTS = YES;
				CLANG_WARN_EMPTY_BODY = YES;
				CLANG_WARN_ENUM_CONVERSION = YES;
				CLANG_WARN_INFINITE_RECURSION = YES;
				CLANG_WARN_INT_CONVERSION = YES;
				CLANG_WARN_NON_LITERAL_NULL_CONVERSION = YES;
				CLANG_WARN_OBJC_IMPLICIT_RETAIN_SELF = YES;
				CLANG_WARN_OBJC_LITERAL_CONVERSION = YES;
				CLANG_WARN_OBJC_ROOT_CLASS = YES_ERROR;
				CLANG_WARN_QUOTED_INCLUDE_IN_FRAMEWORK_HEADER = YES;
				CLANG_WARN_RANGE_LOOP_ANALYSIS = YES;
				CLANG_WARN_STRICT_PROTOTYPES = YES;
				CLANG_WARN_SUSPICIOUS_MOVE = YES;
				CLANG_WARN_UNGUARDED_AVAILABILITY = YES_AGGRESSIVE;
				CLANG_WARN_UNREACHABLE_CODE = YES;
				CLANG_WARN__DUPLICATE_METHOD_MATCH = YES;
				COPY_PHASE_STRIP = NO;
				DEBUG_INFORMATION_FORMAT = dwarf;
				ENABLE_STRICT_OBJC_MSGSEND = YES;
				ENABLE_TESTABILITY = YES;
				ENABLE_USER_SCRIPT_SANDBOXING = NO;
				GCC_C_LANGUAGE_STANDARD = gnu17;
				GCC_DYNAMIC_NO_PIC = NO;
				GCC_NO_COMMON_BLOCKS = YES;
				GCC_OPTIMIZATION_LEVEL = 0;
				GCC_PREPROCESSOR_DEFINITIONS = (
					"DEBUG=1",
					"$(inherited)",
				);
				GCC_WARN_64_TO_32_BIT_CONVERSION = YES;
				GCC_WARN_ABOUT_RETURN_TYPE = YES_ERROR;
				GCC_WARN_UNDECLARED_SELECTOR = YES;
				GCC_WARN_UNINITIALIZED_AUTOS = YES_AGGRESSIVE;
				GCC_WARN_UNUSED_FUNCTION = YES;
				GCC_WARN_UNUSED_VARIABLE = YES;
				IPHONEOS_DEPLOYMENT_TARGET = 17.0;
				LOCALIZATION_PREFERS_STRING_CATALOGS = YES;
				MTL_ENABLE_DEBUG_INFO = INCLUDE_SOURCE;
				MTL_FAST_MATH = YES;
				ONLY_ACTIVE_ARCH = YES;
				SDKROOT = iphoneos;
				SWIFT_ACTIVE_COMPILATION_CONDITIONS = "DEBUG $(inherited)";
				SWIFT_OPTIMIZATION_LEVEL = "-Onone";
			};
			name = "Debug(Dev)";
		};
		B2D91A222B8393C70004561A /* Release(Dev) */ = {
			isa = XCBuildConfiguration;
			baseConfigurationReference = 1742993E2BC9D09B008B639D /* Dev.xcconfig */;
			buildSettings = {
				ALWAYS_SEARCH_USER_PATHS = NO;
				ASSETCATALOG_COMPILER_GENERATE_SWIFT_ASSET_SYMBOL_EXTENSIONS = YES;
				CLANG_ANALYZER_NONNULL = YES;
				CLANG_ANALYZER_NUMBER_OBJECT_CONVERSION = YES_AGGRESSIVE;
				CLANG_CXX_LANGUAGE_STANDARD = "gnu++20";
				CLANG_ENABLE_MODULES = YES;
				CLANG_ENABLE_OBJC_ARC = YES;
				CLANG_ENABLE_OBJC_WEAK = YES;
				CLANG_WARN_BLOCK_CAPTURE_AUTORELEASING = YES;
				CLANG_WARN_BOOL_CONVERSION = YES;
				CLANG_WARN_COMMA = YES;
				CLANG_WARN_CONSTANT_CONVERSION = YES;
				CLANG_WARN_DEPRECATED_OBJC_IMPLEMENTATIONS = YES;
				CLANG_WARN_DIRECT_OBJC_ISA_USAGE = YES_ERROR;
				CLANG_WARN_DOCUMENTATION_COMMENTS = YES;
				CLANG_WARN_EMPTY_BODY = YES;
				CLANG_WARN_ENUM_CONVERSION = YES;
				CLANG_WARN_INFINITE_RECURSION = YES;
				CLANG_WARN_INT_CONVERSION = YES;
				CLANG_WARN_NON_LITERAL_NULL_CONVERSION = YES;
				CLANG_WARN_OBJC_IMPLICIT_RETAIN_SELF = YES;
				CLANG_WARN_OBJC_LITERAL_CONVERSION = YES;
				CLANG_WARN_OBJC_ROOT_CLASS = YES_ERROR;
				CLANG_WARN_QUOTED_INCLUDE_IN_FRAMEWORK_HEADER = YES;
				CLANG_WARN_RANGE_LOOP_ANALYSIS = YES;
				CLANG_WARN_STRICT_PROTOTYPES = YES;
				CLANG_WARN_SUSPICIOUS_MOVE = YES;
				CLANG_WARN_UNGUARDED_AVAILABILITY = YES_AGGRESSIVE;
				CLANG_WARN_UNREACHABLE_CODE = YES;
				CLANG_WARN__DUPLICATE_METHOD_MATCH = YES;
				COPY_PHASE_STRIP = NO;
				DEBUG_INFORMATION_FORMAT = "dwarf-with-dsym";
				ENABLE_NS_ASSERTIONS = NO;
				ENABLE_STRICT_OBJC_MSGSEND = YES;
				ENABLE_USER_SCRIPT_SANDBOXING = NO;
				GCC_C_LANGUAGE_STANDARD = gnu17;
				GCC_NO_COMMON_BLOCKS = YES;
				GCC_WARN_64_TO_32_BIT_CONVERSION = YES;
				GCC_WARN_ABOUT_RETURN_TYPE = YES_ERROR;
				GCC_WARN_UNDECLARED_SELECTOR = YES;
				GCC_WARN_UNINITIALIZED_AUTOS = YES_AGGRESSIVE;
				GCC_WARN_UNUSED_FUNCTION = YES;
				GCC_WARN_UNUSED_VARIABLE = YES;
				IPHONEOS_DEPLOYMENT_TARGET = 17.0;
				LOCALIZATION_PREFERS_STRING_CATALOGS = YES;
				MTL_ENABLE_DEBUG_INFO = NO;
				MTL_FAST_MATH = YES;
				SDKROOT = iphoneos;
				SWIFT_COMPILATION_MODE = wholemodule;
				VALIDATE_PRODUCT = YES;
			};
			name = "Release(Dev)";
		};
		B2D91A242B8393C70004561A /* Debug(Dev) */ = {
			isa = XCBuildConfiguration;
			baseConfigurationReference = 1742993E2BC9D09B008B639D /* Dev.xcconfig */;
			buildSettings = {
				ASSETCATALOG_COMPILER_APPICON_NAME = AppIcon;
				ASSETCATALOG_COMPILER_GLOBAL_ACCENT_COLOR_NAME = AccentColor;
				CLANG_ENABLE_MODULES = YES;
				CODE_SIGN_STYLE = Manual;
				CURRENT_PROJECT_VERSION = 1;
				DEVELOPMENT_ASSET_PATHS = "\"LibrePass/Preview Content\"";
				DEVELOPMENT_TEAM = "";
				ENABLE_PREVIEWS = YES;
				GENERATE_INFOPLIST_FILE = YES;
				INFOPLIST_FILE = LibrePass/Info.plist;
				INFOPLIST_KEY_LSApplicationCategoryType = "public.app-category.utilities";
				INFOPLIST_KEY_NSFaceIDUsageDescription = "We need you unlock your data.";
				INFOPLIST_KEY_UIApplicationSceneManifest_Generation = YES;
				INFOPLIST_KEY_UIApplicationSupportsIndirectInputEvents = YES;
				INFOPLIST_KEY_UILaunchScreen_Generation = YES;
				INFOPLIST_KEY_UISupportedInterfaceOrientations_iPad = "UIInterfaceOrientationPortrait UIInterfaceOrientationPortraitUpsideDown UIInterfaceOrientationLandscapeLeft UIInterfaceOrientationLandscapeRight";
				INFOPLIST_KEY_UISupportedInterfaceOrientations_iPhone = "UIInterfaceOrientationPortrait UIInterfaceOrientationLandscapeLeft UIInterfaceOrientationLandscapeRight";
				IPHONEOS_DEPLOYMENT_TARGET = 17.0;
				LD_RUNPATH_SEARCH_PATHS = (
					"$(inherited)",
					"@executable_path/Frameworks",
				);
				MARKETING_VERSION = 1.2.0;
				PRODUCT_BUNDLE_IDENTIFIER = com.github.zapomnij.LibrePass;
				PRODUCT_NAME = "$(TARGET_NAME)";
				PROVISIONING_PROFILE_SPECIFIER = "";
				SUPPORTED_PLATFORMS = "iphoneos iphonesimulator macosx";
				SUPPORTS_MACCATALYST = NO;
				SUPPORTS_MAC_DESIGNED_FOR_IPHONE_IPAD = NO;
				SUPPORTS_XR_DESIGNED_FOR_IPHONE_IPAD = NO;
				SWIFT_EMIT_LOC_STRINGS = YES;
				SWIFT_OBJC_BRIDGING_HEADER = "LibrePass/LibrePass-Bridging-Header.h";
				SWIFT_OPTIMIZATION_LEVEL = "-Onone";
				SWIFT_VERSION = 5.0;
				TARGETED_DEVICE_FAMILY = "1,2";
			};
			name = "Debug(Dev)";
		};
		B2D91A252B8393C70004561A /* Release(Dev) */ = {
			isa = XCBuildConfiguration;
			baseConfigurationReference = 1742993E2BC9D09B008B639D /* Dev.xcconfig */;
			buildSettings = {
				ASSETCATALOG_COMPILER_APPICON_NAME = AppIcon;
				ASSETCATALOG_COMPILER_GLOBAL_ACCENT_COLOR_NAME = AccentColor;
				CLANG_ENABLE_MODULES = YES;
				CODE_SIGN_STYLE = Manual;
				CURRENT_PROJECT_VERSION = 1;
				DEVELOPMENT_ASSET_PATHS = "\"LibrePass/Preview Content\"";
				DEVELOPMENT_TEAM = "";
				ENABLE_PREVIEWS = YES;
				GENERATE_INFOPLIST_FILE = YES;
				INFOPLIST_FILE = LibrePass/Info.plist;
				INFOPLIST_KEY_LSApplicationCategoryType = "public.app-category.utilities";
				INFOPLIST_KEY_NSFaceIDUsageDescription = "We need you unlock your data.";
				INFOPLIST_KEY_UIApplicationSceneManifest_Generation = YES;
				INFOPLIST_KEY_UIApplicationSupportsIndirectInputEvents = YES;
				INFOPLIST_KEY_UILaunchScreen_Generation = YES;
				INFOPLIST_KEY_UISupportedInterfaceOrientations_iPad = "UIInterfaceOrientationPortrait UIInterfaceOrientationPortraitUpsideDown UIInterfaceOrientationLandscapeLeft UIInterfaceOrientationLandscapeRight";
				INFOPLIST_KEY_UISupportedInterfaceOrientations_iPhone = "UIInterfaceOrientationPortrait UIInterfaceOrientationLandscapeLeft UIInterfaceOrientationLandscapeRight";
				IPHONEOS_DEPLOYMENT_TARGET = 17.0;
				LD_RUNPATH_SEARCH_PATHS = (
					"$(inherited)",
					"@executable_path/Frameworks",
				);
				MARKETING_VERSION = 1.2.0;
				PRODUCT_BUNDLE_IDENTIFIER = com.github.zapomnij.LibrePass;
				PRODUCT_NAME = "$(TARGET_NAME)";
				PROVISIONING_PROFILE_SPECIFIER = "";
				SUPPORTED_PLATFORMS = "iphoneos iphonesimulator macosx";
				SUPPORTS_MACCATALYST = NO;
				SUPPORTS_MAC_DESIGNED_FOR_IPHONE_IPAD = NO;
				SUPPORTS_XR_DESIGNED_FOR_IPHONE_IPAD = NO;
				SWIFT_EMIT_LOC_STRINGS = YES;
				SWIFT_OBJC_BRIDGING_HEADER = "LibrePass/LibrePass-Bridging-Header.h";
				SWIFT_VERSION = 5.0;
				TARGETED_DEVICE_FAMILY = "1,2";
			};
			name = "Release(Dev)";
		};
/* End XCBuildConfiguration section */

/* Begin XCConfigurationList section */
		B2D91A102B8393C60004561A /* Build configuration list for PBXProject "LibrePass" */ = {
			isa = XCConfigurationList;
			buildConfigurations = (
				B2D91A212B8393C70004561A /* Debug(Dev) */,
				176A30632BC1C4D6005C143E /* Debug(Prod) */,
				B2D91A222B8393C70004561A /* Release(Dev) */,
				176A30652BC1C4D9005C143E /* Release(Prod) */,
			);
			defaultConfigurationIsVisible = 0;
			defaultConfigurationName = "Release(Dev)";
		};
		B2D91A232B8393C70004561A /* Build configuration list for PBXNativeTarget "LibrePass" */ = {
			isa = XCConfigurationList;
			buildConfigurations = (
				B2D91A242B8393C70004561A /* Debug(Dev) */,
				176A30642BC1C4D6005C143E /* Debug(Prod) */,
				B2D91A252B8393C70004561A /* Release(Dev) */,
				176A30662BC1C4D9005C143E /* Release(Prod) */,
			);
			defaultConfigurationIsVisible = 0;
			defaultConfigurationName = "Release(Dev)";
		};
/* End XCConfigurationList section */

/* Begin XCRemoteSwiftPackageReference section */
		174EA0962BC3609E00084D2C /* XCRemoteSwiftPackageReference "Argon2Swift" */ = {
			isa = XCRemoteSwiftPackageReference;
			repositoryURL = "https://github.com/tmthecoder/Argon2Swift";
			requirement = {
				branch = main;
				kind = branch;
			};
		};
		17B451692BCC6E1C00C5E1AE /* XCRemoteSwiftPackageReference "keychain-swift" */ = {
			isa = XCRemoteSwiftPackageReference;
			repositoryURL = "https://github.com/evgenyneu/keychain-swift";
			requirement = {
				kind = upToNextMajorVersion;
				minimumVersion = 22.0.0;
			};
		};
/* End XCRemoteSwiftPackageReference section */

/* Begin XCSwiftPackageProductDependency section */
		174EA0972BC3609E00084D2C /* Argon2Swift */ = {
			isa = XCSwiftPackageProductDependency;
			package = 174EA0962BC3609E00084D2C /* XCRemoteSwiftPackageReference "Argon2Swift" */;
			productName = Argon2Swift;
		};
		17B4516A2BCC6E1C00C5E1AE /* KeychainSwift */ = {
			isa = XCSwiftPackageProductDependency;
			package = 17B451692BCC6E1C00C5E1AE /* XCRemoteSwiftPackageReference "keychain-swift" */;
			productName = KeychainSwift;
		};
/* End XCSwiftPackageProductDependency section */
	};
	rootObject = B2D91A0D2B8393C60004561A /* Project object */;
}
