// !$*UTF8*$!
{
	archiveVersion = 1;
	classes = {
	};
	objectVersion = 56;
	objects = {

/* Begin PBXBuildFile section */
		4D16F228E6EE9A80EC3D87A5 /* Pods_LibrePass.framework in Frameworks */ = {isa = PBXBuildFile; fileRef = 0715AD7EB136B52337F5FF33 /* Pods_LibrePass.framework */; };
		B26C2EF72BC6C988008CA547 /* Context.swift in Sources */ = {isa = PBXBuildFile; fileRef = B26C2EE02BC6C988008CA547 /* Context.swift */; };
		B26C2EF82BC6C988008CA547 /* NetworkMonitor.swift in Sources */ = {isa = PBXBuildFile; fileRef = B26C2EE12BC6C988008CA547 /* NetworkMonitor.swift */; };
		B26C2EF92BC6C988008CA547 /* Storage.swift in Sources */ = {isa = PBXBuildFile; fileRef = B26C2EE22BC6C988008CA547 /* Storage.swift */; };
		B26C2EFA2BC6C988008CA547 /* LibrePassAccountSettings.swift in Sources */ = {isa = PBXBuildFile; fileRef = B26C2EE42BC6C988008CA547 /* LibrePassAccountSettings.swift */; };
		B26C2EFB2BC6C988008CA547 /* LibrePassApp.swift in Sources */ = {isa = PBXBuildFile; fileRef = B26C2EE52BC6C988008CA547 /* LibrePassApp.swift */; };
		B26C2EFC2BC6C988008CA547 /* LibrePassCipherView.swift in Sources */ = {isa = PBXBuildFile; fileRef = B26C2EE62BC6C988008CA547 /* LibrePassCipherView.swift */; };
		B26C2EFD2BC6C988008CA547 /* LibrePassLocalLogin.swift in Sources */ = {isa = PBXBuildFile; fileRef = B26C2EE72BC6C988008CA547 /* LibrePassLocalLogin.swift */; };
		B26C2EFE2BC6C988008CA547 /* LibrePassLoginWindow.swift in Sources */ = {isa = PBXBuildFile; fileRef = B26C2EE82BC6C988008CA547 /* LibrePassLoginWindow.swift */; };
		B26C2EFF2BC6C988008CA547 /* LibrePassManagerWindow.swift in Sources */ = {isa = PBXBuildFile; fileRef = B26C2EE92BC6C988008CA547 /* LibrePassManagerWindow.swift */; };
		B26C2F002BC6C988008CA547 /* LibrePassRegistrationWindow.swift in Sources */ = {isa = PBXBuildFile; fileRef = B26C2EEA2BC6C988008CA547 /* LibrePassRegistrationWindow.swift */; };
		B26C2F012BC6C988008CA547 /* Utils.swift in Sources */ = {isa = PBXBuildFile; fileRef = B26C2EEB2BC6C988008CA547 /* Utils.swift */; };
		B26C2F022BC6C988008CA547 /* ApiClient.swift in Sources */ = {isa = PBXBuildFile; fileRef = B26C2EED2BC6C988008CA547 /* ApiClient.swift */; };
		B26C2F032BC6C988008CA547 /* CredentialsDatabase.swift in Sources */ = {isa = PBXBuildFile; fileRef = B26C2EEE2BC6C988008CA547 /* CredentialsDatabase.swift */; };
		B26C2F042BC6C988008CA547 /* CredentialsUpdate.swift in Sources */ = {isa = PBXBuildFile; fileRef = B26C2EEF2BC6C988008CA547 /* CredentialsUpdate.swift */; };
		B26C2F052BC6C988008CA547 /* Crypto.swift in Sources */ = {isa = PBXBuildFile; fileRef = B26C2EF02BC6C988008CA547 /* Crypto.swift */; };
		B26C2F062BC6C988008CA547 /* LibrePassAPI.swift in Sources */ = {isa = PBXBuildFile; fileRef = B26C2EF12BC6C988008CA547 /* LibrePassAPI.swift */; };
		B26C2F072BC6C988008CA547 /* LibrePassCipher.swift in Sources */ = {isa = PBXBuildFile; fileRef = B26C2EF22BC6C988008CA547 /* LibrePassCipher.swift */; };
		B26C2F082BC6C988008CA547 /* LibrePassEncryptedCipher.swift in Sources */ = {isa = PBXBuildFile; fileRef = B26C2EF32BC6C988008CA547 /* LibrePassEncryptedCipher.swift */; };
		B26C2F092BC6C988008CA547 /* OATH.swift in Sources */ = {isa = PBXBuildFile; fileRef = B26C2EF42BC6C988008CA547 /* OATH.swift */; };
		B26C2F0A2BC6C988008CA547 /* PasswordGenerator.swift in Sources */ = {isa = PBXBuildFile; fileRef = B26C2EF52BC6C988008CA547 /* PasswordGenerator.swift */; };
		B29496522BC6C90200128B33 /* Assets.xcassets in Resources */ = {isa = PBXBuildFile; fileRef = B29496512BC6C90200128B33 /* Assets.xcassets */; };
		B29496552BC6C90200128B33 /* Preview Assets.xcassets in Resources */ = {isa = PBXBuildFile; fileRef = B29496542BC6C90200128B33 /* Preview Assets.xcassets */; };
/* End PBXBuildFile section */

/* Begin PBXFileReference section */
		0715AD7EB136B52337F5FF33 /* Pods_LibrePass.framework */ = {isa = PBXFileReference; explicitFileType = wrapper.framework; includeInIndex = 0; path = Pods_LibrePass.framework; sourceTree = BUILT_PRODUCTS_DIR; };
		55AA4610AF8AEE8DD94460E8 /* Pods-LibrePass.release.xcconfig */ = {isa = PBXFileReference; includeInIndex = 1; lastKnownFileType = text.xcconfig; name = "Pods-LibrePass.release.xcconfig"; path = "Target Support Files/Pods-LibrePass/Pods-LibrePass.release.xcconfig"; sourceTree = "<group>"; };
		6520427A52CB75497C7A6183 /* Pods-LibrePass.debug.xcconfig */ = {isa = PBXFileReference; includeInIndex = 1; lastKnownFileType = text.xcconfig; name = "Pods-LibrePass.debug.xcconfig"; path = "Target Support Files/Pods-LibrePass/Pods-LibrePass.debug.xcconfig"; sourceTree = "<group>"; };
		B26C2EE02BC6C988008CA547 /* Context.swift */ = {isa = PBXFileReference; fileEncoding = 4; lastKnownFileType = sourcecode.swift; path = Context.swift; sourceTree = "<group>"; };
		B26C2EE12BC6C988008CA547 /* NetworkMonitor.swift */ = {isa = PBXFileReference; fileEncoding = 4; lastKnownFileType = sourcecode.swift; path = NetworkMonitor.swift; sourceTree = "<group>"; };
		B26C2EE22BC6C988008CA547 /* Storage.swift */ = {isa = PBXFileReference; fileEncoding = 4; lastKnownFileType = sourcecode.swift; path = Storage.swift; sourceTree = "<group>"; };
		B26C2EE42BC6C988008CA547 /* LibrePassAccountSettings.swift */ = {isa = PBXFileReference; fileEncoding = 4; lastKnownFileType = sourcecode.swift; path = LibrePassAccountSettings.swift; sourceTree = "<group>"; };
		B26C2EE52BC6C988008CA547 /* LibrePassApp.swift */ = {isa = PBXFileReference; fileEncoding = 4; lastKnownFileType = sourcecode.swift; path = LibrePassApp.swift; sourceTree = "<group>"; };
		B26C2EE62BC6C988008CA547 /* LibrePassCipherView.swift */ = {isa = PBXFileReference; fileEncoding = 4; lastKnownFileType = sourcecode.swift; path = LibrePassCipherView.swift; sourceTree = "<group>"; };
		B26C2EE72BC6C988008CA547 /* LibrePassLocalLogin.swift */ = {isa = PBXFileReference; fileEncoding = 4; lastKnownFileType = sourcecode.swift; path = LibrePassLocalLogin.swift; sourceTree = "<group>"; };
		B26C2EE82BC6C988008CA547 /* LibrePassLoginWindow.swift */ = {isa = PBXFileReference; fileEncoding = 4; lastKnownFileType = sourcecode.swift; path = LibrePassLoginWindow.swift; sourceTree = "<group>"; };
		B26C2EE92BC6C988008CA547 /* LibrePassManagerWindow.swift */ = {isa = PBXFileReference; fileEncoding = 4; lastKnownFileType = sourcecode.swift; path = LibrePassManagerWindow.swift; sourceTree = "<group>"; };
		B26C2EEA2BC6C988008CA547 /* LibrePassRegistrationWindow.swift */ = {isa = PBXFileReference; fileEncoding = 4; lastKnownFileType = sourcecode.swift; path = LibrePassRegistrationWindow.swift; sourceTree = "<group>"; };
		B26C2EEB2BC6C988008CA547 /* Utils.swift */ = {isa = PBXFileReference; fileEncoding = 4; lastKnownFileType = sourcecode.swift; path = Utils.swift; sourceTree = "<group>"; };
		B26C2EED2BC6C988008CA547 /* ApiClient.swift */ = {isa = PBXFileReference; fileEncoding = 4; lastKnownFileType = sourcecode.swift; path = ApiClient.swift; sourceTree = "<group>"; };
		B26C2EEE2BC6C988008CA547 /* CredentialsDatabase.swift */ = {isa = PBXFileReference; fileEncoding = 4; lastKnownFileType = sourcecode.swift; path = CredentialsDatabase.swift; sourceTree = "<group>"; };
		B26C2EEF2BC6C988008CA547 /* CredentialsUpdate.swift */ = {isa = PBXFileReference; fileEncoding = 4; lastKnownFileType = sourcecode.swift; path = CredentialsUpdate.swift; sourceTree = "<group>"; };
		B26C2EF02BC6C988008CA547 /* Crypto.swift */ = {isa = PBXFileReference; fileEncoding = 4; lastKnownFileType = sourcecode.swift; path = Crypto.swift; sourceTree = "<group>"; };
		B26C2EF12BC6C988008CA547 /* LibrePassAPI.swift */ = {isa = PBXFileReference; fileEncoding = 4; lastKnownFileType = sourcecode.swift; path = LibrePassAPI.swift; sourceTree = "<group>"; };
		B26C2EF22BC6C988008CA547 /* LibrePassCipher.swift */ = {isa = PBXFileReference; fileEncoding = 4; lastKnownFileType = sourcecode.swift; path = LibrePassCipher.swift; sourceTree = "<group>"; };
		B26C2EF32BC6C988008CA547 /* LibrePassEncryptedCipher.swift */ = {isa = PBXFileReference; fileEncoding = 4; lastKnownFileType = sourcecode.swift; path = LibrePassEncryptedCipher.swift; sourceTree = "<group>"; };
		B26C2EF42BC6C988008CA547 /* OATH.swift */ = {isa = PBXFileReference; fileEncoding = 4; lastKnownFileType = sourcecode.swift; path = OATH.swift; sourceTree = "<group>"; };
		B26C2EF52BC6C988008CA547 /* PasswordGenerator.swift */ = {isa = PBXFileReference; fileEncoding = 4; lastKnownFileType = sourcecode.swift; path = PasswordGenerator.swift; sourceTree = "<group>"; };
		B29496482BC6C90200128B33 /* LibrePass.app */ = {isa = PBXFileReference; explicitFileType = wrapper.application; includeInIndex = 0; path = LibrePass.app; sourceTree = BUILT_PRODUCTS_DIR; };
		B29496512BC6C90200128B33 /* Assets.xcassets */ = {isa = PBXFileReference; lastKnownFileType = folder.assetcatalog; path = Assets.xcassets; sourceTree = "<group>"; };
		B29496542BC6C90200128B33 /* Preview Assets.xcassets */ = {isa = PBXFileReference; lastKnownFileType = folder.assetcatalog; path = "Preview Assets.xcassets"; sourceTree = "<group>"; };
/* End PBXFileReference section */

/* Begin PBXFrameworksBuildPhase section */
		B29496452BC6C90200128B33 /* Frameworks */ = {
			isa = PBXFrameworksBuildPhase;
			buildActionMask = 2147483647;
			files = (
				4D16F228E6EE9A80EC3D87A5 /* Pods_LibrePass.framework in Frameworks */,
			);
			runOnlyForDeploymentPostprocessing = 0;
		};
/* End PBXFrameworksBuildPhase section */

/* Begin PBXGroup section */
		23FAB1497F0A0330C0B55DCB /* Frameworks */ = {
			isa = PBXGroup;
			children = (
				0715AD7EB136B52337F5FF33 /* Pods_LibrePass.framework */,
			);
			name = Frameworks;
			sourceTree = "<group>";
		};
		B26C2EE32BC6C988008CA547 /* Context */ = {
			isa = PBXGroup;
			children = (
				B26C2EE02BC6C988008CA547 /* Context.swift */,
				B26C2EE12BC6C988008CA547 /* NetworkMonitor.swift */,
				B26C2EE22BC6C988008CA547 /* Storage.swift */,
			);
			path = Context;
			sourceTree = "<group>";
		};
		B26C2EEC2BC6C988008CA547 /* App */ = {
			isa = PBXGroup;
			children = (
				B26C2EE32BC6C988008CA547 /* Context */,
				B26C2EE42BC6C988008CA547 /* LibrePassAccountSettings.swift */,
				B26C2EE52BC6C988008CA547 /* LibrePassApp.swift */,
				B26C2EE62BC6C988008CA547 /* LibrePassCipherView.swift */,
				B26C2EE72BC6C988008CA547 /* LibrePassLocalLogin.swift */,
				B26C2EE82BC6C988008CA547 /* LibrePassLoginWindow.swift */,
				B26C2EE92BC6C988008CA547 /* LibrePassManagerWindow.swift */,
				B26C2EEA2BC6C988008CA547 /* LibrePassRegistrationWindow.swift */,
				B26C2EEB2BC6C988008CA547 /* Utils.swift */,
			);
			path = App;
			sourceTree = "<group>";
		};
		B26C2EF62BC6C988008CA547 /* API */ = {
			isa = PBXGroup;
			children = (
				B26C2EED2BC6C988008CA547 /* ApiClient.swift */,
				B26C2EEE2BC6C988008CA547 /* CredentialsDatabase.swift */,
				B26C2EEF2BC6C988008CA547 /* CredentialsUpdate.swift */,
				B26C2EF02BC6C988008CA547 /* Crypto.swift */,
				B26C2EF12BC6C988008CA547 /* LibrePassAPI.swift */,
				B26C2EF22BC6C988008CA547 /* LibrePassCipher.swift */,
				B26C2EF32BC6C988008CA547 /* LibrePassEncryptedCipher.swift */,
				B26C2EF42BC6C988008CA547 /* OATH.swift */,
				B26C2EF52BC6C988008CA547 /* PasswordGenerator.swift */,
			);
			path = API;
			sourceTree = "<group>";
		};
		B294963F2BC6C90200128B33 = {
			isa = PBXGroup;
			children = (
				B294964A2BC6C90200128B33 /* LibrePass */,
				B29496492BC6C90200128B33 /* Products */,
				C00BB3849A4A9C20DCEB6AB5 /* Pods */,
				23FAB1497F0A0330C0B55DCB /* Frameworks */,
			);
			sourceTree = "<group>";
		};
		B29496492BC6C90200128B33 /* Products */ = {
			isa = PBXGroup;
			children = (
				B29496482BC6C90200128B33 /* LibrePass.app */,
			);
			name = Products;
			sourceTree = "<group>";
		};
		B294964A2BC6C90200128B33 /* LibrePass */ = {
			isa = PBXGroup;
			children = (
				B26C2EF62BC6C988008CA547 /* API */,
				B26C2EEC2BC6C988008CA547 /* App */,
				B29496512BC6C90200128B33 /* Assets.xcassets */,
				B29496532BC6C90200128B33 /* Preview Content */,
			);
			path = LibrePass;
			sourceTree = "<group>";
		};
		B29496532BC6C90200128B33 /* Preview Content */ = {
			isa = PBXGroup;
			children = (
				B29496542BC6C90200128B33 /* Preview Assets.xcassets */,
			);
			path = "Preview Content";
			sourceTree = "<group>";
		};
		C00BB3849A4A9C20DCEB6AB5 /* Pods */ = {
			isa = PBXGroup;
			children = (
				6520427A52CB75497C7A6183 /* Pods-LibrePass.debug.xcconfig */,
				55AA4610AF8AEE8DD94460E8 /* Pods-LibrePass.release.xcconfig */,
			);
			path = Pods;
			sourceTree = "<group>";
		};
/* End PBXGroup section */

/* Begin PBXNativeTarget section */
		B29496472BC6C90200128B33 /* LibrePass */ = {
			isa = PBXNativeTarget;
			buildConfigurationList = B294966E2BC6C90200128B33 /* Build configuration list for PBXNativeTarget "LibrePass" */;
			buildPhases = (
				BDFD3C47A894A73CEBF9376B /* [CP] Check Pods Manifest.lock */,
				B29496442BC6C90200128B33 /* Sources */,
				B29496452BC6C90200128B33 /* Frameworks */,
				B29496462BC6C90200128B33 /* Resources */,
				C7E009A9385552D2B20D4BEB /* [CP] Embed Pods Frameworks */,
			);
			buildRules = (
			);
			dependencies = (
			);
			name = LibrePass;
			productName = LibrePass;
			productReference = B29496482BC6C90200128B33 /* LibrePass.app */;
			productType = "com.apple.product-type.application";
		};
/* End PBXNativeTarget section */

/* Begin PBXProject section */
		B29496402BC6C90200128B33 /* Project object */ = {
			isa = PBXProject;
			attributes = {
				BuildIndependentTargetsInParallel = 1;
				LastSwiftUpdateCheck = 1530;
				LastUpgradeCheck = 1530;
				TargetAttributes = {
					B29496472BC6C90200128B33 = {
						CreatedOnToolsVersion = 15.3;
					};
				};
			};
			buildConfigurationList = B29496432BC6C90200128B33 /* Build configuration list for PBXProject "LibrePass" */;
			compatibilityVersion = "Xcode 14.0";
			developmentRegion = en;
			hasScannedForEncodings = 0;
			knownRegions = (
				en,
				Base,
			);
			mainGroup = B294963F2BC6C90200128B33;
			productRefGroup = B29496492BC6C90200128B33 /* Products */;
			projectDirPath = "";
			projectRoot = "";
			targets = (
				B29496472BC6C90200128B33 /* LibrePass */,
			);
		};
/* End PBXProject section */

/* Begin PBXResourcesBuildPhase section */
		B29496462BC6C90200128B33 /* Resources */ = {
			isa = PBXResourcesBuildPhase;
			buildActionMask = 2147483647;
			files = (
				B29496552BC6C90200128B33 /* Preview Assets.xcassets in Resources */,
				B29496522BC6C90200128B33 /* Assets.xcassets in Resources */,
			);
			runOnlyForDeploymentPostprocessing = 0;
		};
/* End PBXResourcesBuildPhase section */

/* Begin PBXShellScriptBuildPhase section */
		BDFD3C47A894A73CEBF9376B /* [CP] Check Pods Manifest.lock */ = {
			isa = PBXShellScriptBuildPhase;
			buildActionMask = 2147483647;
			files = (
			);
			inputFileListPaths = (
			);
			inputPaths = (
				"${PODS_PODFILE_DIR_PATH}/Podfile.lock",
				"${PODS_ROOT}/Manifest.lock",
			);
			name = "[CP] Check Pods Manifest.lock";
			outputFileListPaths = (
			);
			outputPaths = (
				"$(DERIVED_FILE_DIR)/Pods-LibrePass-checkManifestLockResult.txt",
			);
			runOnlyForDeploymentPostprocessing = 0;
			shellPath = /bin/sh;
			shellScript = "diff \"${PODS_PODFILE_DIR_PATH}/Podfile.lock\" \"${PODS_ROOT}/Manifest.lock\" > /dev/null\nif [ $? != 0 ] ; then\n    # print error to STDERR\n    echo \"error: The sandbox is not in sync with the Podfile.lock. Run 'pod install' or update your CocoaPods installation.\" >&2\n    exit 1\nfi\n# This output is used by Xcode 'outputs' to avoid re-running this script phase.\necho \"SUCCESS\" > \"${SCRIPT_OUTPUT_FILE_0}\"\n";
			showEnvVarsInLog = 0;
		};
		C7E009A9385552D2B20D4BEB /* [CP] Embed Pods Frameworks */ = {
			isa = PBXShellScriptBuildPhase;
			buildActionMask = 2147483647;
			files = (
			);
			inputFileListPaths = (
				"${PODS_ROOT}/Target Support Files/Pods-LibrePass/Pods-LibrePass-frameworks-${CONFIGURATION}-input-files.xcfilelist",
			);
			name = "[CP] Embed Pods Frameworks";
			outputFileListPaths = (
				"${PODS_ROOT}/Target Support Files/Pods-LibrePass/Pods-LibrePass-frameworks-${CONFIGURATION}-output-files.xcfilelist",
			);
			runOnlyForDeploymentPostprocessing = 0;
			shellPath = /bin/sh;
			shellScript = "\"${PODS_ROOT}/Target Support Files/Pods-LibrePass/Pods-LibrePass-frameworks.sh\"\n";
			showEnvVarsInLog = 0;
		};
/* End PBXShellScriptBuildPhase section */

/* Begin PBXSourcesBuildPhase section */
		B29496442BC6C90200128B33 /* Sources */ = {
			isa = PBXSourcesBuildPhase;
			buildActionMask = 2147483647;
			files = (
				B26C2F072BC6C988008CA547 /* LibrePassCipher.swift in Sources */,
				B26C2EFA2BC6C988008CA547 /* LibrePassAccountSettings.swift in Sources */,
				B26C2F042BC6C988008CA547 /* CredentialsUpdate.swift in Sources */,
				B26C2EF72BC6C988008CA547 /* Context.swift in Sources */,
				B26C2F012BC6C988008CA547 /* Utils.swift in Sources */,
				B26C2F062BC6C988008CA547 /* LibrePassAPI.swift in Sources */,
				B26C2F092BC6C988008CA547 /* OATH.swift in Sources */,
				B26C2EFD2BC6C988008CA547 /* LibrePassLocalLogin.swift in Sources */,
				B26C2F0A2BC6C988008CA547 /* PasswordGenerator.swift in Sources */,
				B26C2EFB2BC6C988008CA547 /* LibrePassApp.swift in Sources */,
				B26C2EF82BC6C988008CA547 /* NetworkMonitor.swift in Sources */,
				B26C2F032BC6C988008CA547 /* CredentialsDatabase.swift in Sources */,
				B26C2F002BC6C988008CA547 /* LibrePassRegistrationWindow.swift in Sources */,
				B26C2F052BC6C988008CA547 /* Crypto.swift in Sources */,
				B26C2F082BC6C988008CA547 /* LibrePassEncryptedCipher.swift in Sources */,
				B26C2EF92BC6C988008CA547 /* Storage.swift in Sources */,
				B26C2EFC2BC6C988008CA547 /* LibrePassCipherView.swift in Sources */,
				B26C2EFE2BC6C988008CA547 /* LibrePassLoginWindow.swift in Sources */,
				B26C2EFF2BC6C988008CA547 /* LibrePassManagerWindow.swift in Sources */,
				B26C2F022BC6C988008CA547 /* ApiClient.swift in Sources */,
			);
			runOnlyForDeploymentPostprocessing = 0;
		};
/* End PBXSourcesBuildPhase section */

/* Begin XCBuildConfiguration section */
		B294966C2BC6C90200128B33 /* Debug */ = {
			isa = XCBuildConfiguration;
			buildSettings = {
				ALWAYS_SEARCH_USER_PATHS = NO;
				ASSETCATALOG_COMPILER_GENERATE_SWIFT_ASSET_SYMBOL_EXTENSIONS = YES;
				CLANG_ANALYZER_NONNULL = YES;
				CLANG_ANALYZER_NUMBER_OBJECT_CONVERSION = YES_AGGRESSIVE;
				CLANG_CXX_LANGUAGE_STANDARD = "gnu++20";
				CLANG_ENABLE_MODULES = YES;
				CLANG_ENABLE_OBJC_ARC = YES;
				CLANG_ENABLE_OBJC_WEAK = YES;
				CLANG_WARN_BLOCK_CAPTURE_AUTORELEASING = YES;
				CLANG_WARN_BOOL_CONVERSION = YES;
				CLANG_WARN_COMMA = YES;
				CLANG_WARN_CONSTANT_CONVERSION = YES;
				CLANG_WARN_DEPRECATED_OBJC_IMPLEMENTATIONS = YES;
				CLANG_WARN_DIRECT_OBJC_ISA_USAGE = YES_ERROR;
				CLANG_WARN_DOCUMENTATION_COMMENTS = YES;
				CLANG_WARN_EMPTY_BODY = YES;
				CLANG_WARN_ENUM_CONVERSION = YES;
				CLANG_WARN_INFINITE_RECURSION = YES;
				CLANG_WARN_INT_CONVERSION = YES;
				CLANG_WARN_NON_LITERAL_NULL_CONVERSION = YES;
				CLANG_WARN_OBJC_IMPLICIT_RETAIN_SELF = YES;
				CLANG_WARN_OBJC_LITERAL_CONVERSION = YES;
				CLANG_WARN_OBJC_ROOT_CLASS = YES_ERROR;
				CLANG_WARN_QUOTED_INCLUDE_IN_FRAMEWORK_HEADER = YES;
				CLANG_WARN_RANGE_LOOP_ANALYSIS = YES;
				CLANG_WARN_STRICT_PROTOTYPES = YES;
				CLANG_WARN_SUSPICIOUS_MOVE = YES;
				CLANG_WARN_UNGUARDED_AVAILABILITY = YES_AGGRESSIVE;
				CLANG_WARN_UNREACHABLE_CODE = YES;
				CLANG_WARN__DUPLICATE_METHOD_MATCH = YES;
				COPY_PHASE_STRIP = NO;
				DEBUG_INFORMATION_FORMAT = dwarf;
				ENABLE_STRICT_OBJC_MSGSEND = YES;
				ENABLE_TESTABILITY = YES;
				ENABLE_USER_SCRIPT_SANDBOXING = NO;
				GCC_C_LANGUAGE_STANDARD = gnu17;
				GCC_DYNAMIC_NO_PIC = NO;
				GCC_NO_COMMON_BLOCKS = YES;
				GCC_OPTIMIZATION_LEVEL = 0;
				GCC_PREPROCESSOR_DEFINITIONS = (
					"DEBUG=1",
					"$(inherited)",
				);
				GCC_WARN_64_TO_32_BIT_CONVERSION = YES;
				GCC_WARN_ABOUT_RETURN_TYPE = YES_ERROR;
				GCC_WARN_UNDECLARED_SELECTOR = YES;
				GCC_WARN_UNINITIALIZED_AUTOS = YES_AGGRESSIVE;
				GCC_WARN_UNUSED_FUNCTION = YES;
				GCC_WARN_UNUSED_VARIABLE = YES;
				IPHONEOS_DEPLOYMENT_TARGET = 17.0;
				LOCALIZATION_PREFERS_STRING_CATALOGS = YES;
				MTL_ENABLE_DEBUG_INFO = INCLUDE_SOURCE;
				MTL_FAST_MATH = YES;
				ONLY_ACTIVE_ARCH = YES;
				SDKROOT = iphoneos;
				SWIFT_ACTIVE_COMPILATION_CONDITIONS = "DEBUG $(inherited)";
				SWIFT_OPTIMIZATION_LEVEL = "-Onone";
			};
			name = Debug;
		};
		B294966D2BC6C90200128B33 /* Release */ = {
			isa = XCBuildConfiguration;
			buildSettings = {
				ALWAYS_SEARCH_USER_PATHS = NO;
				ASSETCATALOG_COMPILER_GENERATE_SWIFT_ASSET_SYMBOL_EXTENSIONS = YES;
				CLANG_ANALYZER_NONNULL = YES;
				CLANG_ANALYZER_NUMBER_OBJECT_CONVERSION = YES_AGGRESSIVE;
				CLANG_CXX_LANGUAGE_STANDARD = "gnu++20";
				CLANG_ENABLE_MODULES = YES;
				CLANG_ENABLE_OBJC_ARC = YES;
				CLANG_ENABLE_OBJC_WEAK = YES;
				CLANG_WARN_BLOCK_CAPTURE_AUTORELEASING = YES;
				CLANG_WARN_BOOL_CONVERSION = YES;
				CLANG_WARN_COMMA = YES;
				CLANG_WARN_CONSTANT_CONVERSION = YES;
				CLANG_WARN_DEPRECATED_OBJC_IMPLEMENTATIONS = YES;
				CLANG_WARN_DIRECT_OBJC_ISA_USAGE = YES_ERROR;
				CLANG_WARN_DOCUMENTATION_COMMENTS = YES;
				CLANG_WARN_EMPTY_BODY = YES;
				CLANG_WARN_ENUM_CONVERSION = YES;
				CLANG_WARN_INFINITE_RECURSION = YES;
				CLANG_WARN_INT_CONVERSION = YES;
				CLANG_WARN_NON_LITERAL_NULL_CONVERSION = YES;
				CLANG_WARN_OBJC_IMPLICIT_RETAIN_SELF = YES;
				CLANG_WARN_OBJC_LITERAL_CONVERSION = YES;
				CLANG_WARN_OBJC_ROOT_CLASS = YES_ERROR;
				CLANG_WARN_QUOTED_INCLUDE_IN_FRAMEWORK_HEADER = YES;
				CLANG_WARN_RANGE_LOOP_ANALYSIS = YES;
				CLANG_WARN_STRICT_PROTOTYPES = YES;
				CLANG_WARN_SUSPICIOUS_MOVE = YES;
				CLANG_WARN_UNGUARDED_AVAILABILITY = YES_AGGRESSIVE;
				CLANG_WARN_UNREACHABLE_CODE = YES;
				CLANG_WARN__DUPLICATE_METHOD_MATCH = YES;
				COPY_PHASE_STRIP = NO;
				DEBUG_INFORMATION_FORMAT = "dwarf-with-dsym";
				ENABLE_NS_ASSERTIONS = NO;
				ENABLE_STRICT_OBJC_MSGSEND = YES;
				ENABLE_USER_SCRIPT_SANDBOXING = NO;
				GCC_C_LANGUAGE_STANDARD = gnu17;
				GCC_NO_COMMON_BLOCKS = YES;
				GCC_WARN_64_TO_32_BIT_CONVERSION = YES;
				GCC_WARN_ABOUT_RETURN_TYPE = YES_ERROR;
				GCC_WARN_UNDECLARED_SELECTOR = YES;
				GCC_WARN_UNINITIALIZED_AUTOS = YES_AGGRESSIVE;
				GCC_WARN_UNUSED_FUNCTION = YES;
				GCC_WARN_UNUSED_VARIABLE = YES;
				IPHONEOS_DEPLOYMENT_TARGET = 17.0;
				LOCALIZATION_PREFERS_STRING_CATALOGS = YES;
				MTL_ENABLE_DEBUG_INFO = NO;
				MTL_FAST_MATH = YES;
				SDKROOT = iphoneos;
				SWIFT_COMPILATION_MODE = wholemodule;
				VALIDATE_PRODUCT = YES;
			};
			name = Release;
		};
		B294966F2BC6C90200128B33 /* Debug */ = {
			isa = XCBuildConfiguration;
			baseConfigurationReference = 6520427A52CB75497C7A6183 /* Pods-LibrePass.debug.xcconfig */;
			buildSettings = {
				ASSETCATALOG_COMPILER_APPICON_NAME = AppIcon;
				ASSETCATALOG_COMPILER_GLOBAL_ACCENT_COLOR_NAME = AccentColor;
				CODE_SIGN_STYLE = Automatic;
				CURRENT_PROJECT_VERSION = 1;
				DEVELOPMENT_ASSET_PATHS = "\"LibrePass/Preview Content\"";
				ENABLE_PREVIEWS = YES;
				GENERATE_INFOPLIST_FILE = YES;
				INFOPLIST_KEY_CFBundleDisplayName = LibrePass;
				INFOPLIST_KEY_LSApplicationCategoryType = "public.app-category.utilities";
				INFOPLIST_KEY_UIApplicationSceneManifest_Generation = YES;
				INFOPLIST_KEY_UIApplicationSupportsIndirectInputEvents = YES;
				INFOPLIST_KEY_UILaunchScreen_Generation = YES;
				INFOPLIST_KEY_UISupportedInterfaceOrientations = UIInterfaceOrientationPortrait;
				INFOPLIST_KEY_UISupportedInterfaceOrientations_iPad = "UIInterfaceOrientationLandscapeLeft UIInterfaceOrientationLandscapeRight UIInterfaceOrientationPortrait UIInterfaceOrientationPortraitUpsideDown";
				LD_RUNPATH_SEARCH_PATHS = (
					"$(inherited)",
					"@executable_path/Frameworks",
				);
				MARKETING_VERSION = 1.3.0;
				PRODUCT_BUNDLE_IDENTIFIER = com.github.aeoliux.LibrePass;
				PRODUCT_NAME = "$(TARGET_NAME)";
				SUPPORTED_PLATFORMS = "iphoneos iphonesimulator";
				SUPPORTS_MACCATALYST = NO;
				SUPPORTS_MAC_DESIGNED_FOR_IPHONE_IPAD = NO;
				SUPPORTS_XR_DESIGNED_FOR_IPHONE_IPAD = NO;
				SWIFT_EMIT_LOC_STRINGS = YES;
				SWIFT_VERSION = 5.0;
				TARGETED_DEVICE_FAMILY = "1,2";
			};
			name = Debug;
		};
		B29496702BC6C90200128B33 /* Release */ = {
			isa = XCBuildConfiguration;
			baseConfigurationReference = 55AA4610AF8AEE8DD94460E8 /* Pods-LibrePass.release.xcconfig */;
			buildSettings = {
				ASSETCATALOG_COMPILER_APPICON_NAME = AppIcon;
				ASSETCATALOG_COMPILER_GLOBAL_ACCENT_COLOR_NAME = AccentColor;
				CODE_SIGN_STYLE = Automatic;
				CURRENT_PROJECT_VERSION = 1;
				DEVELOPMENT_ASSET_PATHS = "\"LibrePass/Preview Content\"";
				ENABLE_PREVIEWS = YES;
				GENERATE_INFOPLIST_FILE = YES;
				INFOPLIST_KEY_CFBundleDisplayName = LibrePass;
				INFOPLIST_KEY_LSApplicationCategoryType = "public.app-category.utilities";
				INFOPLIST_KEY_UIApplicationSceneManifest_Generation = YES;
				INFOPLIST_KEY_UIApplicationSupportsIndirectInputEvents = YES;
				INFOPLIST_KEY_UILaunchScreen_Generation = YES;
				INFOPLIST_KEY_UISupportedInterfaceOrientations = UIInterfaceOrientationPortrait;
				INFOPLIST_KEY_UISupportedInterfaceOrientations_iPad = "UIInterfaceOrientationLandscapeLeft UIInterfaceOrientationLandscapeRight UIInterfaceOrientationPortrait UIInterfaceOrientationPortraitUpsideDown";
				LD_RUNPATH_SEARCH_PATHS = (
					"$(inherited)",
					"@executable_path/Frameworks",
				);
				MARKETING_VERSION = 1.3.0;
				PRODUCT_BUNDLE_IDENTIFIER = com.github.aeoliux.LibrePass;
				PRODUCT_NAME = "$(TARGET_NAME)";
				SUPPORTED_PLATFORMS = "iphoneos iphonesimulator";
				SUPPORTS_MACCATALYST = NO;
				SUPPORTS_MAC_DESIGNED_FOR_IPHONE_IPAD = NO;
				SUPPORTS_XR_DESIGNED_FOR_IPHONE_IPAD = NO;
				SWIFT_EMIT_LOC_STRINGS = YES;
				SWIFT_VERSION = 5.0;
				TARGETED_DEVICE_FAMILY = "1,2";
			};
			name = Release;
		};
/* End XCBuildConfiguration section */

/* Begin XCConfigurationList section */
		B29496432BC6C90200128B33 /* Build configuration list for PBXProject "LibrePass" */ = {
			isa = XCConfigurationList;
			buildConfigurations = (
				B294966C2BC6C90200128B33 /* Debug */,
				B294966D2BC6C90200128B33 /* Release */,
			);
			defaultConfigurationIsVisible = 0;
			defaultConfigurationName = Release;
		};
		B294966E2BC6C90200128B33 /* Build configuration list for PBXNativeTarget "LibrePass" */ = {
			isa = XCConfigurationList;
			buildConfigurations = (
				B294966F2BC6C90200128B33 /* Debug */,
				B29496702BC6C90200128B33 /* Release */,
			);
			defaultConfigurationIsVisible = 0;
			defaultConfigurationName = Release;
		};
/* End XCConfigurationList section */
	};
	rootObject = B29496402BC6C90200128B33 /* Project object */;
}
